// !$*UTF8*$!
{
	archiveVersion = 1;
	classes = {
	};
	objectVersion = 50;
	objects = {

/* Begin PBXBuildFile section */
		EFEF46662298332F0025C188 /* AppDelegate.swift in Sources */ = {isa = PBXBuildFile; fileRef = EFEF46652298332F0025C188 /* AppDelegate.swift */; };
		EFEF46682298332F0025C188 /* ViewController.swift in Sources */ = {isa = PBXBuildFile; fileRef = EFEF46672298332F0025C188 /* ViewController.swift */; };
		EFEF466B2298332F0025C188 /* Main.storyboard in Resources */ = {isa = PBXBuildFile; fileRef = EFEF46692298332F0025C188 /* Main.storyboard */; };
		EFEF466D229833310025C188 /* Assets.xcassets in Resources */ = {isa = PBXBuildFile; fileRef = EFEF466C229833310025C188 /* Assets.xcassets */; };
		EFEF4670229833310025C188 /* LaunchScreen.storyboard in Resources */ = {isa = PBXBuildFile; fileRef = EFEF466E229833310025C188 /* LaunchScreen.storyboard */; };
		EFEF467B229833310025C188 /* KVOTestTests.swift in Sources */ = {isa = PBXBuildFile; fileRef = EFEF467A229833310025C188 /* KVOTestTests.swift */; };
		EFEF4686229833310025C188 /* KVOTestUITests.swift in Sources */ = {isa = PBXBuildFile; fileRef = EFEF4685229833310025C188 /* KVOTestUITests.swift */; };
		EFEF4694229834D70025C188 /* Kvo.swift in Sources */ = {isa = PBXBuildFile; fileRef = EFEF4693229834D70025C188 /* Kvo.swift */; };
/* End PBXBuildFile section */

/* Begin PBXContainerItemProxy section */
		EFEF4677229833310025C188 /* PBXContainerItemProxy */ = {
			isa = PBXContainerItemProxy;
			containerPortal = EFEF465A2298332F0025C188 /* Project object */;
			proxyType = 1;
			remoteGlobalIDString = EFEF46612298332F0025C188;
			remoteInfo = KVOTest;
		};
		EFEF4682229833310025C188 /* PBXContainerItemProxy */ = {
			isa = PBXContainerItemProxy;
			containerPortal = EFEF465A2298332F0025C188 /* Project object */;
			proxyType = 1;
			remoteGlobalIDString = EFEF46612298332F0025C188;
			remoteInfo = KVOTest;
		};
/* End PBXContainerItemProxy section */

/* Begin PBXFileReference section */
		EFEF46622298332F0025C188 /* KVOTest.app */ = {isa = PBXFileReference; explicitFileType = wrapper.application; includeInIndex = 0; path = KVOTest.app; sourceTree = BUILT_PRODUCTS_DIR; };
		EFEF46652298332F0025C188 /* AppDelegate.swift */ = {isa = PBXFileReference; lastKnownFileType = sourcecode.swift; path = AppDelegate.swift; sourceTree = "<group>"; };
		EFEF46672298332F0025C188 /* ViewController.swift */ = {isa = PBXFileReference; lastKnownFileType = sourcecode.swift; path = ViewController.swift; sourceTree = "<group>"; };
		EFEF466A2298332F0025C188 /* Base */ = {isa = PBXFileReference; lastKnownFileType = file.storyboard; name = Base; path = Base.lproj/Main.storyboard; sourceTree = "<group>"; };
		EFEF466C229833310025C188 /* Assets.xcassets */ = {isa = PBXFileReference; lastKnownFileType = folder.assetcatalog; path = Assets.xcassets; sourceTree = "<group>"; };
		EFEF466F229833310025C188 /* Base */ = {isa = PBXFileReference; lastKnownFileType = file.storyboard; name = Base; path = Base.lproj/LaunchScreen.storyboard; sourceTree = "<group>"; };
		EFEF4671229833310025C188 /* Info.plist */ = {isa = PBXFileReference; lastKnownFileType = text.plist.xml; path = Info.plist; sourceTree = "<group>"; };
		EFEF4676229833310025C188 /* KVOTestTests.xctest */ = {isa = PBXFileReference; explicitFileType = wrapper.cfbundle; includeInIndex = 0; path = KVOTestTests.xctest; sourceTree = BUILT_PRODUCTS_DIR; };
		EFEF467A229833310025C188 /* KVOTestTests.swift */ = {isa = PBXFileReference; lastKnownFileType = sourcecode.swift; path = KVOTestTests.swift; sourceTree = "<group>"; };
		EFEF467C229833310025C188 /* Info.plist */ = {isa = PBXFileReference; lastKnownFileType = text.plist.xml; path = Info.plist; sourceTree = "<group>"; };
		EFEF4681229833310025C188 /* KVOTestUITests.xctest */ = {isa = PBXFileReference; explicitFileType = wrapper.cfbundle; includeInIndex = 0; path = KVOTestUITests.xctest; sourceTree = BUILT_PRODUCTS_DIR; };
		EFEF4685229833310025C188 /* KVOTestUITests.swift */ = {isa = PBXFileReference; lastKnownFileType = sourcecode.swift; path = KVOTestUITests.swift; sourceTree = "<group>"; };
		EFEF4687229833310025C188 /* Info.plist */ = {isa = PBXFileReference; lastKnownFileType = text.plist.xml; path = Info.plist; sourceTree = "<group>"; };
		EFEF4693229834D70025C188 /* Kvo.swift */ = {isa = PBXFileReference; lastKnownFileType = sourcecode.swift; path = Kvo.swift; sourceTree = "<group>"; };
/* End PBXFileReference section */

/* Begin PBXFrameworksBuildPhase section */
		EFEF465F2298332F0025C188 /* Frameworks */ = {
			isa = PBXFrameworksBuildPhase;
			buildActionMask = 2147483647;
			files = (
			);
			runOnlyForDeploymentPostprocessing = 0;
		};
		EFEF4673229833310025C188 /* Frameworks */ = {
			isa = PBXFrameworksBuildPhase;
			buildActionMask = 2147483647;
			files = (
			);
			runOnlyForDeploymentPostprocessing = 0;
		};
		EFEF467E229833310025C188 /* Frameworks */ = {
			isa = PBXFrameworksBuildPhase;
			buildActionMask = 2147483647;
			files = (
			);
			runOnlyForDeploymentPostprocessing = 0;
		};
/* End PBXFrameworksBuildPhase section */

/* Begin PBXGroup section */
		EFEF46592298332F0025C188 = {
			isa = PBXGroup;
			children = (
				EFEF46642298332F0025C188 /* KVOTest */,
				EFEF4679229833310025C188 /* KVOTestTests */,
				EFEF4684229833310025C188 /* KVOTestUITests */,
				EFEF46632298332F0025C188 /* Products */,
			);
			sourceTree = "<group>";
		};
		EFEF46632298332F0025C188 /* Products */ = {
			isa = PBXGroup;
			children = (
				EFEF46622298332F0025C188 /* KVOTest.app */,
				EFEF4676229833310025C188 /* KVOTestTests.xctest */,
				EFEF4681229833310025C188 /* KVOTestUITests.xctest */,
			);
			name = Products;
			sourceTree = "<group>";
		};
		EFEF46642298332F0025C188 /* KVOTest */ = {
			isa = PBXGroup;
			children = (
				EFEF46652298332F0025C188 /* AppDelegate.swift */,
				EFEF46672298332F0025C188 /* ViewController.swift */,
				EFEF46692298332F0025C188 /* Main.storyboard */,
				EFEF466C229833310025C188 /* Assets.xcassets */,
				EFEF466E229833310025C188 /* LaunchScreen.storyboard */,
				EFEF4671229833310025C188 /* Info.plist */,
				EFEF4693229834D70025C188 /* Kvo.swift */,
			);
			path = KVOTest;
			sourceTree = "<group>";
		};
		EFEF4679229833310025C188 /* KVOTestTests */ = {
			isa = PBXGroup;
			children = (
				EFEF467A229833310025C188 /* KVOTestTests.swift */,
				EFEF467C229833310025C188 /* Info.plist */,
			);
			path = KVOTestTests;
			sourceTree = "<group>";
		};
		EFEF4684229833310025C188 /* KVOTestUITests */ = {
			isa = PBXGroup;
			children = (
				EFEF4685229833310025C188 /* KVOTestUITests.swift */,
				EFEF4687229833310025C188 /* Info.plist */,
			);
			path = KVOTestUITests;
			sourceTree = "<group>";
		};
/* End PBXGroup section */

/* Begin PBXNativeTarget section */
		EFEF46612298332F0025C188 /* KVOTest */ = {
			isa = PBXNativeTarget;
			buildConfigurationList = EFEF468A229833310025C188 /* Build configuration list for PBXNativeTarget "KVOTest" */;
			buildPhases = (
				EFEF465E2298332F0025C188 /* Sources */,
				EFEF465F2298332F0025C188 /* Frameworks */,
				EFEF46602298332F0025C188 /* Resources */,
			);
			buildRules = (
			);
			dependencies = (
			);
			name = KVOTest;
			productName = KVOTest;
			productReference = EFEF46622298332F0025C188 /* KVOTest.app */;
			productType = "com.apple.product-type.application";
		};
		EFEF4675229833310025C188 /* KVOTestTests */ = {
			isa = PBXNativeTarget;
			buildConfigurationList = EFEF468D229833310025C188 /* Build configuration list for PBXNativeTarget "KVOTestTests" */;
			buildPhases = (
				EFEF4672229833310025C188 /* Sources */,
				EFEF4673229833310025C188 /* Frameworks */,
				EFEF4674229833310025C188 /* Resources */,
			);
			buildRules = (
			);
			dependencies = (
				EFEF4678229833310025C188 /* PBXTargetDependency */,
			);
			name = KVOTestTests;
			productName = KVOTestTests;
			productReference = EFEF4676229833310025C188 /* KVOTestTests.xctest */;
			productType = "com.apple.product-type.bundle.unit-test";
		};
		EFEF4680229833310025C188 /* KVOTestUITests */ = {
			isa = PBXNativeTarget;
			buildConfigurationList = EFEF4690229833310025C188 /* Build configuration list for PBXNativeTarget "KVOTestUITests" */;
			buildPhases = (
				EFEF467D229833310025C188 /* Sources */,
				EFEF467E229833310025C188 /* Frameworks */,
				EFEF467F229833310025C188 /* Resources */,
			);
			buildRules = (
			);
			dependencies = (
				EFEF4683229833310025C188 /* PBXTargetDependency */,
			);
			name = KVOTestUITests;
			productName = KVOTestUITests;
			productReference = EFEF4681229833310025C188 /* KVOTestUITests.xctest */;
			productType = "com.apple.product-type.bundle.ui-testing";
		};
/* End PBXNativeTarget section */

/* Begin PBXProject section */
		EFEF465A2298332F0025C188 /* Project object */ = {
			isa = PBXProject;
			attributes = {
				LastSwiftUpdateCheck = 1020;
				LastUpgradeCheck = 1020;
				ORGANIZATIONNAME = "youngjun goo";
				TargetAttributes = {
					EFEF46612298332F0025C188 = {
						CreatedOnToolsVersion = 10.2.1;
					};
					EFEF4675229833310025C188 = {
						CreatedOnToolsVersion = 10.2.1;
						TestTargetID = EFEF46612298332F0025C188;
					};
					EFEF4680229833310025C188 = {
						CreatedOnToolsVersion = 10.2.1;
						TestTargetID = EFEF46612298332F0025C188;
					};
				};
			};
			buildConfigurationList = EFEF465D2298332F0025C188 /* Build configuration list for PBXProject "KVOTest" */;
			compatibilityVersion = "Xcode 9.3";
			developmentRegion = en;
			hasScannedForEncodings = 0;
			knownRegions = (
				en,
				Base,
			);
			mainGroup = EFEF46592298332F0025C188;
			productRefGroup = EFEF46632298332F0025C188 /* Products */;
			projectDirPath = "";
			projectRoot = "";
			targets = (
				EFEF46612298332F0025C188 /* KVOTest */,
				EFEF4675229833310025C188 /* KVOTestTests */,
				EFEF4680229833310025C188 /* KVOTestUITests */,
			);
		};
/* End PBXProject section */

/* Begin PBXResourcesBuildPhase section */
		EFEF46602298332F0025C188 /* Resources */ = {
			isa = PBXResourcesBuildPhase;
			buildActionMask = 2147483647;
			files = (
				EFEF4670229833310025C188 /* LaunchScreen.storyboard in Resources */,
				EFEF466D229833310025C188 /* Assets.xcassets in Resources */,
				EFEF466B2298332F0025C188 /* Main.storyboard in Resources */,
			);
			runOnlyForDeploymentPostprocessing = 0;
		};
		EFEF4674229833310025C188 /* Resources */ = {
			isa = PBXResourcesBuildPhase;
			buildActionMask = 2147483647;
			files = (
			);
			runOnlyForDeploymentPostprocessing = 0;
		};
		EFEF467F229833310025C188 /* Resources */ = {
			isa = PBXResourcesBuildPhase;
			buildActionMask = 2147483647;
			files = (
			);
			runOnlyForDeploymentPostprocessing = 0;
		};
/* End PBXResourcesBuildPhase section */

/* Begin PBXSourcesBuildPhase section */
		EFEF465E2298332F0025C188 /* Sources */ = {
			isa = PBXSourcesBuildPhase;
			buildActionMask = 2147483647;
			files = (
				EFEF46682298332F0025C188 /* ViewController.swift in Sources */,
				EFEF4694229834D70025C188 /* Kvo.swift in Sources */,
				EFEF46662298332F0025C188 /* AppDelegate.swift in Sources */,
			);
			runOnlyForDeploymentPostprocessing = 0;
		};
		EFEF4672229833310025C188 /* Sources */ = {
			isa = PBXSourcesBuildPhase;
			buildActionMask = 2147483647;
			files = (
				EFEF467B229833310025C188 /* KVOTestTests.swift in Sources */,
			);
			runOnlyForDeploymentPostprocessing = 0;
		};
		EFEF467D229833310025C188 /* Sources */ = {
			isa = PBXSourcesBuildPhase;
			buildActionMask = 2147483647;
			files = (
				EFEF4686229833310025C188 /* KVOTestUITests.swift in Sources */,
			);
			runOnlyForDeploymentPostprocessing = 0;
		};
/* End PBXSourcesBuildPhase section */

/* Begin PBXTargetDependency section */
		EFEF4678229833310025C188 /* PBXTargetDependency */ = {
			isa = PBXTargetDependency;
			target = EFEF46612298332F0025C188 /* KVOTest */;
			targetProxy = EFEF4677229833310025C188 /* PBXContainerItemProxy */;
		};
		EFEF4683229833310025C188 /* PBXTargetDependency */ = {
			isa = PBXTargetDependency;
			target = EFEF46612298332F0025C188 /* KVOTest */;
			targetProxy = EFEF4682229833310025C188 /* PBXContainerItemProxy */;
		};
/* End PBXTargetDependency section */

/* Begin PBXVariantGroup section */
		EFEF46692298332F0025C188 /* Main.storyboard */ = {
			isa = PBXVariantGroup;
			children = (
				EFEF466A2298332F0025C188 /* Base */,
			);
			name = Main.storyboard;
			sourceTree = "<group>";
		};
		EFEF466E229833310025C188 /* LaunchScreen.storyboard */ = {
			isa = PBXVariantGroup;
			children = (
				EFEF466F229833310025C188 /* Base */,
			);
			name = LaunchScreen.storyboard;
			sourceTree = "<group>";
		};
/* End PBXVariantGroup section */

/* Begin XCBuildConfiguration section */
		EFEF4688229833310025C188 /* Debug */ = {
			isa = XCBuildConfiguration;
			buildSettings = {
				ALWAYS_SEARCH_USER_PATHS = NO;
				CLANG_ANALYZER_NONNULL = YES;
				CLANG_ANALYZER_NUMBER_OBJECT_CONVERSION = YES_AGGRESSIVE;
				CLANG_CXX_LANGUAGE_STANDARD = "gnu++14";
				CLANG_CXX_LIBRARY = "libc++";
				CLANG_ENABLE_MODULES = YES;
				CLANG_ENABLE_OBJC_ARC = YES;
				CLANG_ENABLE_OBJC_WEAK = YES;
				CLANG_WARN_BLOCK_CAPTURE_AUTORELEASING = YES;
				CLANG_WARN_BOOL_CONVERSION = YES;
				CLANG_WARN_COMMA = YES;
				CLANG_WARN_CONSTANT_CONVERSION = YES;
				CLANG_WARN_DEPRECATED_OBJC_IMPLEMENTATIONS = YES;
				CLANG_WARN_DIRECT_OBJC_ISA_USAGE = YES_ERROR;
				CLANG_WARN_DOCUMENTATION_COMMENTS = YES;
				CLANG_WARN_EMPTY_BODY = YES;
				CLANG_WARN_ENUM_CONVERSION = YES;
				CLANG_WARN_INFINITE_RECURSION = YES;
				CLANG_WARN_INT_CONVERSION = YES;
				CLANG_WARN_NON_LITERAL_NULL_CONVERSION = YES;
				CLANG_WARN_OBJC_IMPLICIT_RETAIN_SELF = YES;
				CLANG_WARN_OBJC_LITERAL_CONVERSION = YES;
				CLANG_WARN_OBJC_ROOT_CLASS = YES_ERROR;
				CLANG_WARN_RANGE_LOOP_ANALYSIS = YES;
				CLANG_WARN_STRICT_PROTOTYPES = YES;
				CLANG_WARN_SUSPICIOUS_MOVE = YES;
				CLANG_WARN_UNGUARDED_AVAILABILITY = YES_AGGRESSIVE;
				CLANG_WARN_UNREACHABLE_CODE = YES;
				CLANG_WARN__DUPLICATE_METHOD_MATCH = YES;
				CODE_SIGN_IDENTITY = "iPhone Developer";
				COPY_PHASE_STRIP = NO;
				DEBUG_INFORMATION_FORMAT = dwarf;
				ENABLE_STRICT_OBJC_MSGSEND = YES;
				ENABLE_TESTABILITY = YES;
				GCC_C_LANGUAGE_STANDARD = gnu11;
				GCC_DYNAMIC_NO_PIC = NO;
				GCC_NO_COMMON_BLOCKS = YES;
				GCC_OPTIMIZATION_LEVEL = 0;
				GCC_PREPROCESSOR_DEFINITIONS = (
					"DEBUG=1",
					"$(inherited)",
				);
				GCC_WARN_64_TO_32_BIT_CONVERSION = YES;
				GCC_WARN_ABOUT_RETURN_TYPE = YES_ERROR;
				GCC_WARN_UNDECLARED_SELECTOR = YES;
				GCC_WARN_UNINITIALIZED_AUTOS = YES_AGGRESSIVE;
				GCC_WARN_UNUSED_FUNCTION = YES;
				GCC_WARN_UNUSED_VARIABLE = YES;
				IPHONEOS_DEPLOYMENT_TARGET = 12.2;
				MTL_ENABLE_DEBUG_INFO = INCLUDE_SOURCE;
				MTL_FAST_MATH = YES;
				ONLY_ACTIVE_ARCH = YES;
				SDKROOT = iphoneos;
				SWIFT_ACTIVE_COMPILATION_CONDITIONS = DEBUG;
				SWIFT_OPTIMIZATION_LEVEL = "-Onone";
			};
			name = Debug;
		};
		EFEF4689229833310025C188 /* Release */ = {
			isa = XCBuildConfiguration;
			buildSettings = {
				ALWAYS_SEARCH_USER_PATHS = NO;
				CLANG_ANALYZER_NONNULL = YES;
				CLANG_ANALYZER_NUMBER_OBJECT_CONVERSION = YES_AGGRESSIVE;
				CLANG_CXX_LANGUAGE_STANDARD = "gnu++14";
				CLANG_CXX_LIBRARY = "libc++";
				CLANG_ENABLE_MODULES = YES;
				CLANG_ENABLE_OBJC_ARC = YES;
				CLANG_ENABLE_OBJC_WEAK = YES;
				CLANG_WARN_BLOCK_CAPTURE_AUTORELEASING = YES;
				CLANG_WARN_BOOL_CONVERSION = YES;
				CLANG_WARN_COMMA = YES;
				CLANG_WARN_CONSTANT_CONVERSION = YES;
				CLANG_WARN_DEPRECATED_OBJC_IMPLEMENTATIONS = YES;
				CLANG_WARN_DIRECT_OBJC_ISA_USAGE = YES_ERROR;
				CLANG_WARN_DOCUMENTATION_COMMENTS = YES;
				CLANG_WARN_EMPTY_BODY = YES;
				CLANG_WARN_ENUM_CONVERSION = YES;
				CLANG_WARN_INFINITE_RECURSION = YES;
				CLANG_WARN_INT_CONVERSION = YES;
				CLANG_WARN_NON_LITERAL_NULL_CONVERSION = YES;
				CLANG_WARN_OBJC_IMPLICIT_RETAIN_SELF = YES;
				CLANG_WARN_OBJC_LITERAL_CONVERSION = YES;
				CLANG_WARN_OBJC_ROOT_CLASS = YES_ERROR;
				CLANG_WARN_RANGE_LOOP_ANALYSIS = YES;
				CLANG_WARN_STRICT_PROTOTYPES = YES;
				CLANG_WARN_SUSPICIOUS_MOVE = YES;
				CLANG_WARN_UNGUARDED_AVAILABILITY = YES_AGGRESSIVE;
				CLANG_WARN_UNREACHABLE_CODE = YES;
				CLANG_WARN__DUPLICATE_METHOD_MATCH = YES;
				CODE_SIGN_IDENTITY = "iPhone Developer";
				COPY_PHASE_STRIP = NO;
				DEBUG_INFORMATION_FORMAT = "dwarf-with-dsym";
				ENABLE_NS_ASSERTIONS = NO;
				ENABLE_STRICT_OBJC_MSGSEND = YES;
				GCC_C_LANGUAGE_STANDARD = gnu11;
				GCC_NO_COMMON_BLOCKS = YES;
				GCC_WARN_64_TO_32_BIT_CONVERSION = YES;
				GCC_WARN_ABOUT_RETURN_TYPE = YES_ERROR;
				GCC_WARN_UNDECLARED_SELECTOR = YES;
				GCC_WARN_UNINITIALIZED_AUTOS = YES_AGGRESSIVE;
				GCC_WARN_UNUSED_FUNCTION = YES;
				GCC_WARN_UNUSED_VARIABLE = YES;
				IPHONEOS_DEPLOYMENT_TARGET = 12.2;
				MTL_ENABLE_DEBUG_INFO = NO;
				MTL_FAST_MATH = YES;
				SDKROOT = iphoneos;
				SWIFT_COMPILATION_MODE = wholemodule;
				SWIFT_OPTIMIZATION_LEVEL = "-O";
				VALIDATE_PRODUCT = YES;
			};
			name = Release;
		};
		EFEF468B229833310025C188 /* Debug */ = {
			isa = XCBuildConfiguration;
			buildSettings = {
				ASSETCATALOG_COMPILER_APPICON_NAME = AppIcon;
				CODE_SIGN_STYLE = Automatic;
				DEVELOPMENT_TEAM = 5CLQV3W6FV;
				INFOPLIST_FILE = KVOTest/Info.plist;
				LD_RUNPATH_SEARCH_PATHS = (
					"$(inherited)",
					"@executable_path/Frameworks",
				);
				PRODUCT_BUNDLE_IDENTIFIER = net.youngjun.KVOTest;
				PRODUCT_NAME = "$(TARGET_NAME)";
				SWIFT_VERSION = 5.0;
				TARGETED_DEVICE_FAMILY = "1,2";
			};
			name = Debug;
		};
		EFEF468C229833310025C188 /* Release */ = {
			isa = XCBuildConfiguration;
			buildSettings = {
				ASSETCATALOG_COMPILER_APPICON_NAME = AppIcon;
				CODE_SIGN_STYLE = Automatic;
				DEVELOPMENT_TEAM = 5CLQV3W6FV;
				INFOPLIST_FILE = KVOTest/Info.plist;
				LD_RUNPATH_SEARCH_PATHS = (
					"$(inherited)",
					"@executable_path/Frameworks",
				);
				PRODUCT_BUNDLE_IDENTIFIER = net.youngjun.KVOTest;
				PRODUCT_NAME = "$(TARGET_NAME)";
				SWIFT_VERSION = 5.0;
				TARGETED_DEVICE_FAMILY = "1,2";
			};
			name = Release;
		};
		EFEF468E229833310025C188 /* Debug */ = {
			isa = XCBuildConfiguration;
			buildSettings = {
				ALWAYS_EMBED_SWIFT_STANDARD_LIBRARIES = YES;
				BUNDLE_LOADER = "$(TEST_HOST)";
				CODE_SIGN_STYLE = Automatic;
				DEVELOPMENT_TEAM = 5CLQV3W6FV;
				INFOPLIST_FILE = KVOTestTests/Info.plist;
				LD_RUNPATH_SEARCH_PATHS = (
					"$(inherited)",
					"@executable_path/Frameworks",
					"@loader_path/Frameworks",
				);
				PRODUCT_BUNDLE_IDENTIFIER = net.youngjun.KVOTestTests;
				PRODUCT_NAME = "$(TARGET_NAME)";
				SWIFT_VERSION = 5.0;
				TARGETED_DEVICE_FAMILY = "1,2";
				TEST_HOST = "$(BUILT_PRODUCTS_DIR)/KVOTest.app/KVOTest";
			};
			name = Debug;
		};
		EFEF468F229833310025C188 /* Release */ = {
			isa = XCBuildConfiguration;
			buildSettings = {
				ALWAYS_EMBED_SWIFT_STANDARD_LIBRARIES = YES;
				BUNDLE_LOADER = "$(TEST_HOST)";
				CODE_SIGN_STYLE = Automatic;
				DEVELOPMENT_TEAM = 5CLQV3W6FV;
				INFOPLIST_FILE = KVOTestTests/Info.plist;
				LD_RUNPATH_SEARCH_PATHS = (
					"$(inherited)",
					"@executable_path/Frameworks",
					"@loader_path/Frameworks",
				);
				PRODUCT_BUNDLE_IDENTIFIER = net.youngjun.KVOTestTests;
				PRODUCT_NAME = "$(TARGET_NAME)";
				SWIFT_VERSION = 5.0;
				TARGETED_DEVICE_FAMILY = "1,2";
				TEST_HOST = "$(BUILT_PRODUCTS_DIR)/KVOTest.app/KVOTest";
			};
			name = Release;
		};
		EFEF4691229833310025C188 /* Debug */ = {
			isa = XCBuildConfiguration;
			buildSettings = {
				ALWAYS_EMBED_SWIFT_STANDARD_LIBRARIES = YES;
				CODE_SIGN_STYLE = Automatic;
				DEVELOPMENT_TEAM = 5CLQV3W6FV;
				INFOPLIST_FILE = KVOTestUITests/Info.plist;
				LD_RUNPATH_SEARCH_PATHS = (
					"$(inherited)",
					"@executable_path/Frameworks",
					"@loader_path/Frameworks",
				);
				PRODUCT_BUNDLE_IDENTIFIER = net.youngjun.KVOTestUITests;
				PRODUCT_NAME = "$(TARGET_NAME)";
				SWIFT_VERSION = 5.0;
				TARGETED_DEVICE_FAMILY = "1,2";
				TEST_TARGET_NAME = KVOTest;
			};
			name = Debug;
		};
		EFEF4692229833310025C188 /* Release */ = {
			isa = XCBuildConfiguration;
			buildSettings = {
				ALWAYS_EMBED_SWIFT_STANDARD_LIBRARIES = YES;
				CODE_SIGN_STYLE = Automatic;
				DEVELOPMENT_TEAM = 5CLQV3W6FV;
				INFOPLIST_FILE = KVOTestUITests/Info.plist;
				LD_RUNPATH_SEARCH_PATHS = (
					"$(inherited)",
					"@executable_path/Frameworks",
					"@loader_path/Frameworks",
				);
				PRODUCT_BUNDLE_IDENTIFIER = net.youngjun.KVOTestUITests;
				PRODUCT_NAME = "$(TARGET_NAME)";
				SWIFT_VERSION = 5.0;
				TARGETED_DEVICE_FAMILY = "1,2";
				TEST_TARGET_NAME = KVOTest;
			};
			name = Release;
		};
/* End XCBuildConfiguration section */

/* Begin XCConfigurationList section */
		EFEF465D2298332F0025C188 /* Build configuration list for PBXProject "KVOTest" */ = {
			isa = XCConfigurationList;
			buildConfigurations = (
				EFEF4688229833310025C188 /* Debug */,
				EFEF4689229833310025C188 /* Release */,
			);
			defaultConfigurationIsVisible = 0;
			defaultConfigurationName = Release;
		};
		EFEF468A229833310025C188 /* Build configuration list for PBXNativeTarget "KVOTest" */ = {
			isa = XCConfigurationList;
			buildConfigurations = (
				EFEF468B229833310025C188 /* Debug */,
				EFEF468C229833310025C188 /* Release */,
			);
			defaultConfigurationIsVisible = 0;
			defaultConfigurationName = Release;
		};
		EFEF468D229833310025C188 /* Build configuration list for PBXNativeTarget "KVOTestTests" */ = {
			isa = XCConfigurationList;
			buildConfigurations = (
				EFEF468E229833310025C188 /* Debug */,
				EFEF468F229833310025C188 /* Release */,
			);
			defaultConfigurationIsVisible = 0;
			defaultConfigurationName = Release;
		};
		EFEF4690229833310025C188 /* Build configuration list for PBXNativeTarget "KVOTestUITests" */ = {
			isa = XCConfigurationList;
			buildConfigurations = (
				EFEF4691229833310025C188 /* Debug */,
				EFEF4692229833310025C188 /* Release */,
			);
			defaultConfigurationIsVisible = 0;
			defaultConfigurationName = Release;
		};
/* End XCConfigurationList section */
	};
	rootObject = EFEF465A2298332F0025C188 /* Project object */;
}
