// !$*UTF8*$!
{
	archiveVersion = 1;
	classes = {
	};
	objectVersion = 50;
	objects = {

/* Begin PBXBuildFile section */
		61BBBEE5AD652EFF974E0BC9 /* Pods_NetworkExam.framework in Frameworks */ = {isa = PBXBuildFile; fileRef = DC33E6D6202090CBF9042D2E /* Pods_NetworkExam.framework */; };
		D0DA17DC41B2380AB9C53996 /* Pods_NetworkExamTests.framework in Frameworks */ = {isa = PBXBuildFile; fileRef = 796545E87A5E380582469E19 /* Pods_NetworkExamTests.framework */; };
		D415FAD4FDB89780D0649562 /* Pods_NetworkExamUITests.framework in Frameworks */ = {isa = PBXBuildFile; fileRef = B3C63137F9B772297A63EEED /* Pods_NetworkExamUITests.framework */; };
		EF5FECD3222FC165004329D5 /* AppDelegate.swift in Sources */ = {isa = PBXBuildFile; fileRef = EF5FECD2222FC165004329D5 /* AppDelegate.swift */; };
		EF5FECD5222FC165004329D5 /* ViewController.swift in Sources */ = {isa = PBXBuildFile; fileRef = EF5FECD4222FC165004329D5 /* ViewController.swift */; };
		EF5FECD8222FC165004329D5 /* Main.storyboard in Resources */ = {isa = PBXBuildFile; fileRef = EF5FECD6222FC165004329D5 /* Main.storyboard */; };
		EF5FECDA222FC166004329D5 /* Assets.xcassets in Resources */ = {isa = PBXBuildFile; fileRef = EF5FECD9222FC166004329D5 /* Assets.xcassets */; };
		EF5FECDD222FC166004329D5 /* LaunchScreen.storyboard in Resources */ = {isa = PBXBuildFile; fileRef = EF5FECDB222FC166004329D5 /* LaunchScreen.storyboard */; };
		EF5FECE8222FC166004329D5 /* NetworkExamTests.swift in Sources */ = {isa = PBXBuildFile; fileRef = EF5FECE7222FC166004329D5 /* NetworkExamTests.swift */; };
		EF5FECF3222FC166004329D5 /* NetworkExamUITests.swift in Sources */ = {isa = PBXBuildFile; fileRef = EF5FECF2222FC166004329D5 /* NetworkExamUITests.swift */; };
		EF5FED01222FC18F004329D5 /* Request.swift in Sources */ = {isa = PBXBuildFile; fileRef = EF5FED00222FC18F004329D5 /* Request.swift */; };
/* End PBXBuildFile section */

/* Begin PBXContainerItemProxy section */
		EF5FECE4222FC166004329D5 /* PBXContainerItemProxy */ = {
			isa = PBXContainerItemProxy;
			containerPortal = EF5FECC7222FC165004329D5 /* Project object */;
			proxyType = 1;
			remoteGlobalIDString = EF5FECCE222FC165004329D5;
			remoteInfo = NetworkExam;
		};
		EF5FECEF222FC166004329D5 /* PBXContainerItemProxy */ = {
			isa = PBXContainerItemProxy;
			containerPortal = EF5FECC7222FC165004329D5 /* Project object */;
			proxyType = 1;
			remoteGlobalIDString = EF5FECCE222FC165004329D5;
			remoteInfo = NetworkExam;
		};
/* End PBXContainerItemProxy section */

/* Begin PBXFileReference section */
		38B4D29330A69C323ECC4D7E /* Pods-NetworkExamTests.debug.xcconfig */ = {isa = PBXFileReference; includeInIndex = 1; lastKnownFileType = text.xcconfig; name = "Pods-NetworkExamTests.debug.xcconfig"; path = "Pods/Target Support Files/Pods-NetworkExamTests/Pods-NetworkExamTests.debug.xcconfig"; sourceTree = "<group>"; };
		796545E87A5E380582469E19 /* Pods_NetworkExamTests.framework */ = {isa = PBXFileReference; explicitFileType = wrapper.framework; includeInIndex = 0; path = Pods_NetworkExamTests.framework; sourceTree = BUILT_PRODUCTS_DIR; };
		7D04730CCE158B78C0778E5A /* Pods-NetworkExamUITests.release.xcconfig */ = {isa = PBXFileReference; includeInIndex = 1; lastKnownFileType = text.xcconfig; name = "Pods-NetworkExamUITests.release.xcconfig"; path = "Pods/Target Support Files/Pods-NetworkExamUITests/Pods-NetworkExamUITests.release.xcconfig"; sourceTree = "<group>"; };
		8A578548C571919F8334AC03 /* Pods-NetworkExamTests.release.xcconfig */ = {isa = PBXFileReference; includeInIndex = 1; lastKnownFileType = text.xcconfig; name = "Pods-NetworkExamTests.release.xcconfig"; path = "Pods/Target Support Files/Pods-NetworkExamTests/Pods-NetworkExamTests.release.xcconfig"; sourceTree = "<group>"; };
		A55F039440CADE7013336B16 /* Pods-NetworkExamUITests.debug.xcconfig */ = {isa = PBXFileReference; includeInIndex = 1; lastKnownFileType = text.xcconfig; name = "Pods-NetworkExamUITests.debug.xcconfig"; path = "Pods/Target Support Files/Pods-NetworkExamUITests/Pods-NetworkExamUITests.debug.xcconfig"; sourceTree = "<group>"; };
		A92C7329FB027A6EF6EB659F /* Pods-NetworkExam.release.xcconfig */ = {isa = PBXFileReference; includeInIndex = 1; lastKnownFileType = text.xcconfig; name = "Pods-NetworkExam.release.xcconfig"; path = "Pods/Target Support Files/Pods-NetworkExam/Pods-NetworkExam.release.xcconfig"; sourceTree = "<group>"; };
		B3C63137F9B772297A63EEED /* Pods_NetworkExamUITests.framework */ = {isa = PBXFileReference; explicitFileType = wrapper.framework; includeInIndex = 0; path = Pods_NetworkExamUITests.framework; sourceTree = BUILT_PRODUCTS_DIR; };
		BB3BB4872D46E27303B65211 /* Pods-NetworkExam.debug.xcconfig */ = {isa = PBXFileReference; includeInIndex = 1; lastKnownFileType = text.xcconfig; name = "Pods-NetworkExam.debug.xcconfig"; path = "Pods/Target Support Files/Pods-NetworkExam/Pods-NetworkExam.debug.xcconfig"; sourceTree = "<group>"; };
		DC33E6D6202090CBF9042D2E /* Pods_NetworkExam.framework */ = {isa = PBXFileReference; explicitFileType = wrapper.framework; includeInIndex = 0; path = Pods_NetworkExam.framework; sourceTree = BUILT_PRODUCTS_DIR; };
		EF5FECCF222FC165004329D5 /* NetworkExam.app */ = {isa = PBXFileReference; explicitFileType = wrapper.application; includeInIndex = 0; path = NetworkExam.app; sourceTree = BUILT_PRODUCTS_DIR; };
		EF5FECD2222FC165004329D5 /* AppDelegate.swift */ = {isa = PBXFileReference; lastKnownFileType = sourcecode.swift; path = AppDelegate.swift; sourceTree = "<group>"; };
		EF5FECD4222FC165004329D5 /* ViewController.swift */ = {isa = PBXFileReference; lastKnownFileType = sourcecode.swift; path = ViewController.swift; sourceTree = "<group>"; };
		EF5FECD7222FC165004329D5 /* Base */ = {isa = PBXFileReference; lastKnownFileType = file.storyboard; name = Base; path = Base.lproj/Main.storyboard; sourceTree = "<group>"; };
		EF5FECD9222FC166004329D5 /* Assets.xcassets */ = {isa = PBXFileReference; lastKnownFileType = folder.assetcatalog; path = Assets.xcassets; sourceTree = "<group>"; };
		EF5FECDC222FC166004329D5 /* Base */ = {isa = PBXFileReference; lastKnownFileType = file.storyboard; name = Base; path = Base.lproj/LaunchScreen.storyboard; sourceTree = "<group>"; };
		EF5FECDE222FC166004329D5 /* Info.plist */ = {isa = PBXFileReference; lastKnownFileType = text.plist.xml; path = Info.plist; sourceTree = "<group>"; };
		EF5FECE3222FC166004329D5 /* NetworkExamTests.xctest */ = {isa = PBXFileReference; explicitFileType = wrapper.cfbundle; includeInIndex = 0; path = NetworkExamTests.xctest; sourceTree = BUILT_PRODUCTS_DIR; };
		EF5FECE7222FC166004329D5 /* NetworkExamTests.swift */ = {isa = PBXFileReference; lastKnownFileType = sourcecode.swift; path = NetworkExamTests.swift; sourceTree = "<group>"; };
		EF5FECE9222FC166004329D5 /* Info.plist */ = {isa = PBXFileReference; lastKnownFileType = text.plist.xml; path = Info.plist; sourceTree = "<group>"; };
		EF5FECEE222FC166004329D5 /* NetworkExamUITests.xctest */ = {isa = PBXFileReference; explicitFileType = wrapper.cfbundle; includeInIndex = 0; path = NetworkExamUITests.xctest; sourceTree = BUILT_PRODUCTS_DIR; };
		EF5FECF2222FC166004329D5 /* NetworkExamUITests.swift */ = {isa = PBXFileReference; lastKnownFileType = sourcecode.swift; path = NetworkExamUITests.swift; sourceTree = "<group>"; };
		EF5FECF4222FC166004329D5 /* Info.plist */ = {isa = PBXFileReference; lastKnownFileType = text.plist.xml; path = Info.plist; sourceTree = "<group>"; };
		EF5FED00222FC18F004329D5 /* Request.swift */ = {isa = PBXFileReference; lastKnownFileType = sourcecode.swift; path = Request.swift; sourceTree = "<group>"; };
/* End PBXFileReference section */

/* Begin PBXFrameworksBuildPhase section */
		EF5FECCC222FC165004329D5 /* Frameworks */ = {
			isa = PBXFrameworksBuildPhase;
			buildActionMask = 2147483647;
			files = (
				61BBBEE5AD652EFF974E0BC9 /* Pods_NetworkExam.framework in Frameworks */,
			);
			runOnlyForDeploymentPostprocessing = 0;
		};
		EF5FECE0222FC166004329D5 /* Frameworks */ = {
			isa = PBXFrameworksBuildPhase;
			buildActionMask = 2147483647;
			files = (
				D0DA17DC41B2380AB9C53996 /* Pods_NetworkExamTests.framework in Frameworks */,
			);
			runOnlyForDeploymentPostprocessing = 0;
		};
		EF5FECEB222FC166004329D5 /* Frameworks */ = {
			isa = PBXFrameworksBuildPhase;
			buildActionMask = 2147483647;
			files = (
				D415FAD4FDB89780D0649562 /* Pods_NetworkExamUITests.framework in Frameworks */,
			);
			runOnlyForDeploymentPostprocessing = 0;
		};
/* End PBXFrameworksBuildPhase section */

/* Begin PBXGroup section */
		4F80FC802E43EAAB6BDEFB4E /* Pods */ = {
			isa = PBXGroup;
			children = (
				BB3BB4872D46E27303B65211 /* Pods-NetworkExam.debug.xcconfig */,
				A92C7329FB027A6EF6EB659F /* Pods-NetworkExam.release.xcconfig */,
				38B4D29330A69C323ECC4D7E /* Pods-NetworkExamTests.debug.xcconfig */,
				8A578548C571919F8334AC03 /* Pods-NetworkExamTests.release.xcconfig */,
				A55F039440CADE7013336B16 /* Pods-NetworkExamUITests.debug.xcconfig */,
				7D04730CCE158B78C0778E5A /* Pods-NetworkExamUITests.release.xcconfig */,
			);
			name = Pods;
			sourceTree = "<group>";
		};
		CFF473A9302D9CCEFC39A76B /* Frameworks */ = {
			isa = PBXGroup;
			children = (
				DC33E6D6202090CBF9042D2E /* Pods_NetworkExam.framework */,
				796545E87A5E380582469E19 /* Pods_NetworkExamTests.framework */,
				B3C63137F9B772297A63EEED /* Pods_NetworkExamUITests.framework */,
			);
			name = Frameworks;
			sourceTree = "<group>";
		};
		EF5FECC6222FC165004329D5 = {
			isa = PBXGroup;
			children = (
				EF5FECD1222FC165004329D5 /* NetworkExam */,
				EF5FECE6222FC166004329D5 /* NetworkExamTests */,
				EF5FECF1222FC166004329D5 /* NetworkExamUITests */,
				EF5FECD0222FC165004329D5 /* Products */,
				4F80FC802E43EAAB6BDEFB4E /* Pods */,
				CFF473A9302D9CCEFC39A76B /* Frameworks */,
			);
			sourceTree = "<group>";
		};
		EF5FECD0222FC165004329D5 /* Products */ = {
			isa = PBXGroup;
			children = (
				EF5FECCF222FC165004329D5 /* NetworkExam.app */,
				EF5FECE3222FC166004329D5 /* NetworkExamTests.xctest */,
				EF5FECEE222FC166004329D5 /* NetworkExamUITests.xctest */,
			);
			name = Products;
			sourceTree = "<group>";
		};
		EF5FECD1222FC165004329D5 /* NetworkExam */ = {
			isa = PBXGroup;
			children = (
				EF5FECD2222FC165004329D5 /* AppDelegate.swift */,
				EF5FECD4222FC165004329D5 /* ViewController.swift */,
				EF5FED00222FC18F004329D5 /* Request.swift */,
				EF5FECD6222FC165004329D5 /* Main.storyboard */,
				EF5FECD9222FC166004329D5 /* Assets.xcassets */,
				EF5FECDB222FC166004329D5 /* LaunchScreen.storyboard */,
				EF5FECDE222FC166004329D5 /* Info.plist */,
			);
			path = NetworkExam;
			sourceTree = "<group>";
		};
		EF5FECE6222FC166004329D5 /* NetworkExamTests */ = {
			isa = PBXGroup;
			children = (
				EF5FECE7222FC166004329D5 /* NetworkExamTests.swift */,
				EF5FECE9222FC166004329D5 /* Info.plist */,
			);
			path = NetworkExamTests;
			sourceTree = "<group>";
		};
		EF5FECF1222FC166004329D5 /* NetworkExamUITests */ = {
			isa = PBXGroup;
			children = (
				EF5FECF2222FC166004329D5 /* NetworkExamUITests.swift */,
				EF5FECF4222FC166004329D5 /* Info.plist */,
			);
			path = NetworkExamUITests;
			sourceTree = "<group>";
		};
/* End PBXGroup section */

/* Begin PBXNativeTarget section */
		EF5FECCE222FC165004329D5 /* NetworkExam */ = {
			isa = PBXNativeTarget;
			buildConfigurationList = EF5FECF7222FC166004329D5 /* Build configuration list for PBXNativeTarget "NetworkExam" */;
			buildPhases = (
				E6CEBFE74CDEA3454C032EE2 /* [CP] Check Pods Manifest.lock */,
				EF5FECCB222FC165004329D5 /* Sources */,
				EF5FECCC222FC165004329D5 /* Frameworks */,
				EF5FECCD222FC165004329D5 /* Resources */,
				94F8F7796BA179A82E1A8381 /* [CP] Embed Pods Frameworks */,
			);
			buildRules = (
			);
			dependencies = (
			);
			name = NetworkExam;
			productName = NetworkExam;
			productReference = EF5FECCF222FC165004329D5 /* NetworkExam.app */;
			productType = "com.apple.product-type.application";
		};
		EF5FECE2222FC166004329D5 /* NetworkExamTests */ = {
			isa = PBXNativeTarget;
			buildConfigurationList = EF5FECFA222FC166004329D5 /* Build configuration list for PBXNativeTarget "NetworkExamTests" */;
			buildPhases = (
				9639DB8DC994AC8B98C77787 /* [CP] Check Pods Manifest.lock */,
				EF5FECDF222FC166004329D5 /* Sources */,
				EF5FECE0222FC166004329D5 /* Frameworks */,
				EF5FECE1222FC166004329D5 /* Resources */,
			);
			buildRules = (
			);
			dependencies = (
				EF5FECE5222FC166004329D5 /* PBXTargetDependency */,
			);
			name = NetworkExamTests;
			productName = NetworkExamTests;
			productReference = EF5FECE3222FC166004329D5 /* NetworkExamTests.xctest */;
			productType = "com.apple.product-type.bundle.unit-test";
		};
		EF5FECED222FC166004329D5 /* NetworkExamUITests */ = {
			isa = PBXNativeTarget;
			buildConfigurationList = EF5FECFD222FC166004329D5 /* Build configuration list for PBXNativeTarget "NetworkExamUITests" */;
			buildPhases = (
				CB6F549A135100E7A88EA076 /* [CP] Check Pods Manifest.lock */,
				EF5FECEA222FC166004329D5 /* Sources */,
				EF5FECEB222FC166004329D5 /* Frameworks */,
				EF5FECEC222FC166004329D5 /* Resources */,
			);
			buildRules = (
			);
			dependencies = (
				EF5FECF0222FC166004329D5 /* PBXTargetDependency */,
			);
			name = NetworkExamUITests;
			productName = NetworkExamUITests;
			productReference = EF5FECEE222FC166004329D5 /* NetworkExamUITests.xctest */;
			productType = "com.apple.product-type.bundle.ui-testing";
		};
/* End PBXNativeTarget section */

/* Begin PBXProject section */
		EF5FECC7222FC165004329D5 /* Project object */ = {
			isa = PBXProject;
			attributes = {
				LastSwiftUpdateCheck = 1010;
				LastUpgradeCheck = 1010;
				ORGANIZATIONNAME = "youngjun goo";
				TargetAttributes = {
					EF5FECCE222FC165004329D5 = {
						CreatedOnToolsVersion = 10.1;
					};
					EF5FECE2222FC166004329D5 = {
						CreatedOnToolsVersion = 10.1;
						TestTargetID = EF5FECCE222FC165004329D5;
					};
					EF5FECED222FC166004329D5 = {
						CreatedOnToolsVersion = 10.1;
						TestTargetID = EF5FECCE222FC165004329D5;
					};
				};
			};
			buildConfigurationList = EF5FECCA222FC165004329D5 /* Build configuration list for PBXProject "NetworkExam" */;
			compatibilityVersion = "Xcode 9.3";
			developmentRegion = en;
			hasScannedForEncodings = 0;
			knownRegions = (
				en,
				Base,
			);
			mainGroup = EF5FECC6222FC165004329D5;
			productRefGroup = EF5FECD0222FC165004329D5 /* Products */;
			projectDirPath = "";
			projectRoot = "";
			targets = (
				EF5FECCE222FC165004329D5 /* NetworkExam */,
				EF5FECE2222FC166004329D5 /* NetworkExamTests */,
				EF5FECED222FC166004329D5 /* NetworkExamUITests */,
			);
		};
/* End PBXProject section */

/* Begin PBXResourcesBuildPhase section */
		EF5FECCD222FC165004329D5 /* Resources */ = {
			isa = PBXResourcesBuildPhase;
			buildActionMask = 2147483647;
			files = (
				EF5FECDD222FC166004329D5 /* LaunchScreen.storyboard in Resources */,
				EF5FECDA222FC166004329D5 /* Assets.xcassets in Resources */,
				EF5FECD8222FC165004329D5 /* Main.storyboard in Resources */,
			);
			runOnlyForDeploymentPostprocessing = 0;
		};
		EF5FECE1222FC166004329D5 /* Resources */ = {
			isa = PBXResourcesBuildPhase;
			buildActionMask = 2147483647;
			files = (
			);
			runOnlyForDeploymentPostprocessing = 0;
		};
		EF5FECEC222FC166004329D5 /* Resources */ = {
			isa = PBXResourcesBuildPhase;
			buildActionMask = 2147483647;
			files = (
			);
			runOnlyForDeploymentPostprocessing = 0;
		};
/* End PBXResourcesBuildPhase section */

/* Begin PBXShellScriptBuildPhase section */
		94F8F7796BA179A82E1A8381 /* [CP] Embed Pods Frameworks */ = {
			isa = PBXShellScriptBuildPhase;
			buildActionMask = 2147483647;
			files = (
			);
			inputPaths = (
				"${SRCROOT}/Pods/Target Support Files/Pods-NetworkExam/Pods-NetworkExam-frameworks.sh",
				"${BUILT_PRODUCTS_DIR}/Alamofire/Alamofire.framework",
			);
			name = "[CP] Embed Pods Frameworks";
			outputPaths = (
				"${TARGET_BUILD_DIR}/${FRAMEWORKS_FOLDER_PATH}/Alamofire.framework",
			);
			runOnlyForDeploymentPostprocessing = 0;
			shellPath = /bin/sh;
			shellScript = "\"${SRCROOT}/Pods/Target Support Files/Pods-NetworkExam/Pods-NetworkExam-frameworks.sh\"\n";
			showEnvVarsInLog = 0;
		};
		9639DB8DC994AC8B98C77787 /* [CP] Check Pods Manifest.lock */ = {
			isa = PBXShellScriptBuildPhase;
			buildActionMask = 2147483647;
			files = (
			);
			inputPaths = (
				"${PODS_PODFILE_DIR_PATH}/Podfile.lock",
				"${PODS_ROOT}/Manifest.lock",
			);
			name = "[CP] Check Pods Manifest.lock";
			outputPaths = (
				"$(DERIVED_FILE_DIR)/Pods-NetworkExamTests-checkManifestLockResult.txt",
			);
			runOnlyForDeploymentPostprocessing = 0;
			shellPath = /bin/sh;
			shellScript = "diff \"${PODS_PODFILE_DIR_PATH}/Podfile.lock\" \"${PODS_ROOT}/Manifest.lock\" > /dev/null\nif [ $? != 0 ] ; then\n    # print error to STDERR\n    echo \"error: The sandbox is not in sync with the Podfile.lock. Run 'pod install' or update your CocoaPods installation.\" >&2\n    exit 1\nfi\n# This output is used by Xcode 'outputs' to avoid re-running this script phase.\necho \"SUCCESS\" > \"${SCRIPT_OUTPUT_FILE_0}\"\n";
			showEnvVarsInLog = 0;
		};
		CB6F549A135100E7A88EA076 /* [CP] Check Pods Manifest.lock */ = {
			isa = PBXShellScriptBuildPhase;
			buildActionMask = 2147483647;
			files = (
			);
			inputPaths = (
				"${PODS_PODFILE_DIR_PATH}/Podfile.lock",
				"${PODS_ROOT}/Manifest.lock",
			);
			name = "[CP] Check Pods Manifest.lock";
			outputPaths = (
				"$(DERIVED_FILE_DIR)/Pods-NetworkExamUITests-checkManifestLockResult.txt",
			);
			runOnlyForDeploymentPostprocessing = 0;
			shellPath = /bin/sh;
			shellScript = "diff \"${PODS_PODFILE_DIR_PATH}/Podfile.lock\" \"${PODS_ROOT}/Manifest.lock\" > /dev/null\nif [ $? != 0 ] ; then\n    # print error to STDERR\n    echo \"error: The sandbox is not in sync with the Podfile.lock. Run 'pod install' or update your CocoaPods installation.\" >&2\n    exit 1\nfi\n# This output is used by Xcode 'outputs' to avoid re-running this script phase.\necho \"SUCCESS\" > \"${SCRIPT_OUTPUT_FILE_0}\"\n";
			showEnvVarsInLog = 0;
		};
		E6CEBFE74CDEA3454C032EE2 /* [CP] Check Pods Manifest.lock */ = {
			isa = PBXShellScriptBuildPhase;
			buildActionMask = 2147483647;
			files = (
			);
			inputPaths = (
				"${PODS_PODFILE_DIR_PATH}/Podfile.lock",
				"${PODS_ROOT}/Manifest.lock",
			);
			name = "[CP] Check Pods Manifest.lock";
			outputPaths = (
				"$(DERIVED_FILE_DIR)/Pods-NetworkExam-checkManifestLockResult.txt",
			);
			runOnlyForDeploymentPostprocessing = 0;
			shellPath = /bin/sh;
			shellScript = "diff \"${PODS_PODFILE_DIR_PATH}/Podfile.lock\" \"${PODS_ROOT}/Manifest.lock\" > /dev/null\nif [ $? != 0 ] ; then\n    # print error to STDERR\n    echo \"error: The sandbox is not in sync with the Podfile.lock. Run 'pod install' or update your CocoaPods installation.\" >&2\n    exit 1\nfi\n# This output is used by Xcode 'outputs' to avoid re-running this script phase.\necho \"SUCCESS\" > \"${SCRIPT_OUTPUT_FILE_0}\"\n";
			showEnvVarsInLog = 0;
		};
/* End PBXShellScriptBuildPhase section */

/* Begin PBXSourcesBuildPhase section */
		EF5FECCB222FC165004329D5 /* Sources */ = {
			isa = PBXSourcesBuildPhase;
			buildActionMask = 2147483647;
			files = (
				EF5FECD5222FC165004329D5 /* ViewController.swift in Sources */,
				EF5FED01222FC18F004329D5 /* Request.swift in Sources */,
				EF5FECD3222FC165004329D5 /* AppDelegate.swift in Sources */,
			);
			runOnlyForDeploymentPostprocessing = 0;
		};
		EF5FECDF222FC166004329D5 /* Sources */ = {
			isa = PBXSourcesBuildPhase;
			buildActionMask = 2147483647;
			files = (
				EF5FECE8222FC166004329D5 /* NetworkExamTests.swift in Sources */,
			);
			runOnlyForDeploymentPostprocessing = 0;
		};
		EF5FECEA222FC166004329D5 /* Sources */ = {
			isa = PBXSourcesBuildPhase;
			buildActionMask = 2147483647;
			files = (
				EF5FECF3222FC166004329D5 /* NetworkExamUITests.swift in Sources */,
			);
			runOnlyForDeploymentPostprocessing = 0;
		};
/* End PBXSourcesBuildPhase section */

/* Begin PBXTargetDependency section */
		EF5FECE5222FC166004329D5 /* PBXTargetDependency */ = {
			isa = PBXTargetDependency;
			target = EF5FECCE222FC165004329D5 /* NetworkExam */;
			targetProxy = EF5FECE4222FC166004329D5 /* PBXContainerItemProxy */;
		};
		EF5FECF0222FC166004329D5 /* PBXTargetDependency */ = {
			isa = PBXTargetDependency;
			target = EF5FECCE222FC165004329D5 /* NetworkExam */;
			targetProxy = EF5FECEF222FC166004329D5 /* PBXContainerItemProxy */;
		};
/* End PBXTargetDependency section */

/* Begin PBXVariantGroup section */
		EF5FECD6222FC165004329D5 /* Main.storyboard */ = {
			isa = PBXVariantGroup;
			children = (
				EF5FECD7222FC165004329D5 /* Base */,
			);
			name = Main.storyboard;
			sourceTree = "<group>";
		};
		EF5FECDB222FC166004329D5 /* LaunchScreen.storyboard */ = {
			isa = PBXVariantGroup;
			children = (
				EF5FECDC222FC166004329D5 /* Base */,
			);
			name = LaunchScreen.storyboard;
			sourceTree = "<group>";
		};
/* End PBXVariantGroup section */

/* Begin XCBuildConfiguration section */
		EF5FECF5222FC166004329D5 /* Debug */ = {
			isa = XCBuildConfiguration;
			buildSettings = {
				ALWAYS_SEARCH_USER_PATHS = NO;
				CLANG_ANALYZER_NONNULL = YES;
				CLANG_ANALYZER_NUMBER_OBJECT_CONVERSION = YES_AGGRESSIVE;
				CLANG_CXX_LANGUAGE_STANDARD = "gnu++14";
				CLANG_CXX_LIBRARY = "libc++";
				CLANG_ENABLE_MODULES = YES;
				CLANG_ENABLE_OBJC_ARC = YES;
				CLANG_ENABLE_OBJC_WEAK = YES;
				CLANG_WARN_BLOCK_CAPTURE_AUTORELEASING = YES;
				CLANG_WARN_BOOL_CONVERSION = YES;
				CLANG_WARN_COMMA = YES;
				CLANG_WARN_CONSTANT_CONVERSION = YES;
				CLANG_WARN_DEPRECATED_OBJC_IMPLEMENTATIONS = YES;
				CLANG_WARN_DIRECT_OBJC_ISA_USAGE = YES_ERROR;
				CLANG_WARN_DOCUMENTATION_COMMENTS = YES;
				CLANG_WARN_EMPTY_BODY = YES;
				CLANG_WARN_ENUM_CONVERSION = YES;
				CLANG_WARN_INFINITE_RECURSION = YES;
				CLANG_WARN_INT_CONVERSION = YES;
				CLANG_WARN_NON_LITERAL_NULL_CONVERSION = YES;
				CLANG_WARN_OBJC_IMPLICIT_RETAIN_SELF = YES;
				CLANG_WARN_OBJC_LITERAL_CONVERSION = YES;
				CLANG_WARN_OBJC_ROOT_CLASS = YES_ERROR;
				CLANG_WARN_RANGE_LOOP_ANALYSIS = YES;
				CLANG_WARN_STRICT_PROTOTYPES = YES;
				CLANG_WARN_SUSPICIOUS_MOVE = YES;
				CLANG_WARN_UNGUARDED_AVAILABILITY = YES_AGGRESSIVE;
				CLANG_WARN_UNREACHABLE_CODE = YES;
				CLANG_WARN__DUPLICATE_METHOD_MATCH = YES;
				CODE_SIGN_IDENTITY = "iPhone Developer";
				COPY_PHASE_STRIP = NO;
				DEBUG_INFORMATION_FORMAT = dwarf;
				ENABLE_STRICT_OBJC_MSGSEND = YES;
				ENABLE_TESTABILITY = YES;
				GCC_C_LANGUAGE_STANDARD = gnu11;
				GCC_DYNAMIC_NO_PIC = NO;
				GCC_NO_COMMON_BLOCKS = YES;
				GCC_OPTIMIZATION_LEVEL = 0;
				GCC_PREPROCESSOR_DEFINITIONS = (
					"DEBUG=1",
					"$(inherited)",
				);
				GCC_WARN_64_TO_32_BIT_CONVERSION = YES;
				GCC_WARN_ABOUT_RETURN_TYPE = YES_ERROR;
				GCC_WARN_UNDECLARED_SELECTOR = YES;
				GCC_WARN_UNINITIALIZED_AUTOS = YES_AGGRESSIVE;
				GCC_WARN_UNUSED_FUNCTION = YES;
				GCC_WARN_UNUSED_VARIABLE = YES;
				IPHONEOS_DEPLOYMENT_TARGET = 12.1;
				MTL_ENABLE_DEBUG_INFO = INCLUDE_SOURCE;
				MTL_FAST_MATH = YES;
				ONLY_ACTIVE_ARCH = YES;
				SDKROOT = iphoneos;
				SWIFT_ACTIVE_COMPILATION_CONDITIONS = DEBUG;
				SWIFT_OPTIMIZATION_LEVEL = "-Onone";
			};
			name = Debug;
		};
		EF5FECF6222FC166004329D5 /* Release */ = {
			isa = XCBuildConfiguration;
			buildSettings = {
				ALWAYS_SEARCH_USER_PATHS = NO;
				CLANG_ANALYZER_NONNULL = YES;
				CLANG_ANALYZER_NUMBER_OBJECT_CONVERSION = YES_AGGRESSIVE;
				CLANG_CXX_LANGUAGE_STANDARD = "gnu++14";
				CLANG_CXX_LIBRARY = "libc++";
				CLANG_ENABLE_MODULES = YES;
				CLANG_ENABLE_OBJC_ARC = YES;
				CLANG_ENABLE_OBJC_WEAK = YES;
				CLANG_WARN_BLOCK_CAPTURE_AUTORELEASING = YES;
				CLANG_WARN_BOOL_CONVERSION = YES;
				CLANG_WARN_COMMA = YES;
				CLANG_WARN_CONSTANT_CONVERSION = YES;
				CLANG_WARN_DEPRECATED_OBJC_IMPLEMENTATIONS = YES;
				CLANG_WARN_DIRECT_OBJC_ISA_USAGE = YES_ERROR;
				CLANG_WARN_DOCUMENTATION_COMMENTS = YES;
				CLANG_WARN_EMPTY_BODY = YES;
				CLANG_WARN_ENUM_CONVERSION = YES;
				CLANG_WARN_INFINITE_RECURSION = YES;
				CLANG_WARN_INT_CONVERSION = YES;
				CLANG_WARN_NON_LITERAL_NULL_CONVERSION = YES;
				CLANG_WARN_OBJC_IMPLICIT_RETAIN_SELF = YES;
				CLANG_WARN_OBJC_LITERAL_CONVERSION = YES;
				CLANG_WARN_OBJC_ROOT_CLASS = YES_ERROR;
				CLANG_WARN_RANGE_LOOP_ANALYSIS = YES;
				CLANG_WARN_STRICT_PROTOTYPES = YES;
				CLANG_WARN_SUSPICIOUS_MOVE = YES;
				CLANG_WARN_UNGUARDED_AVAILABILITY = YES_AGGRESSIVE;
				CLANG_WARN_UNREACHABLE_CODE = YES;
				CLANG_WARN__DUPLICATE_METHOD_MATCH = YES;
				CODE_SIGN_IDENTITY = "iPhone Developer";
				COPY_PHASE_STRIP = NO;
				DEBUG_INFORMATION_FORMAT = "dwarf-with-dsym";
				ENABLE_NS_ASSERTIONS = NO;
				ENABLE_STRICT_OBJC_MSGSEND = YES;
				GCC_C_LANGUAGE_STANDARD = gnu11;
				GCC_NO_COMMON_BLOCKS = YES;
				GCC_WARN_64_TO_32_BIT_CONVERSION = YES;
				GCC_WARN_ABOUT_RETURN_TYPE = YES_ERROR;
				GCC_WARN_UNDECLARED_SELECTOR = YES;
				GCC_WARN_UNINITIALIZED_AUTOS = YES_AGGRESSIVE;
				GCC_WARN_UNUSED_FUNCTION = YES;
				GCC_WARN_UNUSED_VARIABLE = YES;
				IPHONEOS_DEPLOYMENT_TARGET = 12.1;
				MTL_ENABLE_DEBUG_INFO = NO;
				MTL_FAST_MATH = YES;
				SDKROOT = iphoneos;
				SWIFT_COMPILATION_MODE = wholemodule;
				SWIFT_OPTIMIZATION_LEVEL = "-O";
				VALIDATE_PRODUCT = YES;
			};
			name = Release;
		};
		EF5FECF8222FC166004329D5 /* Debug */ = {
			isa = XCBuildConfiguration;
			baseConfigurationReference = BB3BB4872D46E27303B65211 /* Pods-NetworkExam.debug.xcconfig */;
			buildSettings = {
				ASSETCATALOG_COMPILER_APPICON_NAME = AppIcon;
				CODE_SIGN_STYLE = Automatic;
				DEVELOPMENT_TEAM = 5CLQV3W6FV;
				INFOPLIST_FILE = NetworkExam/Info.plist;
				LD_RUNPATH_SEARCH_PATHS = (
					"$(inherited)",
					"@executable_path/Frameworks",
				);
				PRODUCT_BUNDLE_IDENTIFIER = net.youngjun.NetworkExam;
				PRODUCT_NAME = "$(TARGET_NAME)";
				SWIFT_VERSION = 4.2;
				TARGETED_DEVICE_FAMILY = "1,2";
			};
			name = Debug;
		};
		EF5FECF9222FC166004329D5 /* Release */ = {
			isa = XCBuildConfiguration;
			baseConfigurationReference = A92C7329FB027A6EF6EB659F /* Pods-NetworkExam.release.xcconfig */;
			buildSettings = {
				ASSETCATALOG_COMPILER_APPICON_NAME = AppIcon;
				CODE_SIGN_STYLE = Automatic;
				DEVELOPMENT_TEAM = 5CLQV3W6FV;
				INFOPLIST_FILE = NetworkExam/Info.plist;
				LD_RUNPATH_SEARCH_PATHS = (
					"$(inherited)",
					"@executable_path/Frameworks",
				);
				PRODUCT_BUNDLE_IDENTIFIER = net.youngjun.NetworkExam;
				PRODUCT_NAME = "$(TARGET_NAME)";
				SWIFT_VERSION = 4.2;
				TARGETED_DEVICE_FAMILY = "1,2";
			};
			name = Release;
		};
		EF5FECFB222FC166004329D5 /* Debug */ = {
			isa = XCBuildConfiguration;
			baseConfigurationReference = 38B4D29330A69C323ECC4D7E /* Pods-NetworkExamTests.debug.xcconfig */;
			buildSettings = {
				ALWAYS_EMBED_SWIFT_STANDARD_LIBRARIES = YES;
				BUNDLE_LOADER = "$(TEST_HOST)";
				CODE_SIGN_STYLE = Automatic;
				DEVELOPMENT_TEAM = 5CLQV3W6FV;
				INFOPLIST_FILE = NetworkExamTests/Info.plist;
				LD_RUNPATH_SEARCH_PATHS = (
					"$(inherited)",
					"@executable_path/Frameworks",
					"@loader_path/Frameworks",
				);
				PRODUCT_BUNDLE_IDENTIFIER = net.youngjun.NetworkExamTests;
				PRODUCT_NAME = "$(TARGET_NAME)";
				SWIFT_VERSION = 4.2;
				TARGETED_DEVICE_FAMILY = "1,2";
				TEST_HOST = "$(BUILT_PRODUCTS_DIR)/NetworkExam.app/NetworkExam";
			};
			name = Debug;
		};
		EF5FECFC222FC166004329D5 /* Release */ = {
			isa = XCBuildConfiguration;
			baseConfigurationReference = 8A578548C571919F8334AC03 /* Pods-NetworkExamTests.release.xcconfig */;
			buildSettings = {
				ALWAYS_EMBED_SWIFT_STANDARD_LIBRARIES = YES;
				BUNDLE_LOADER = "$(TEST_HOST)";
				CODE_SIGN_STYLE = Automatic;
				DEVELOPMENT_TEAM = 5CLQV3W6FV;
				INFOPLIST_FILE = NetworkExamTests/Info.plist;
				LD_RUNPATH_SEARCH_PATHS = (
					"$(inherited)",
					"@executable_path/Frameworks",
					"@loader_path/Frameworks",
				);
				PRODUCT_BUNDLE_IDENTIFIER = net.youngjun.NetworkExamTests;
				PRODUCT_NAME = "$(TARGET_NAME)";
				SWIFT_VERSION = 4.2;
				TARGETED_DEVICE_FAMILY = "1,2";
				TEST_HOST = "$(BUILT_PRODUCTS_DIR)/NetworkExam.app/NetworkExam";
			};
			name = Release;
		};
		EF5FECFE222FC166004329D5 /* Debug */ = {
			isa = XCBuildConfiguration;
			baseConfigurationReference = A55F039440CADE7013336B16 /* Pods-NetworkExamUITests.debug.xcconfig */;
			buildSettings = {
				ALWAYS_EMBED_SWIFT_STANDARD_LIBRARIES = YES;
				CODE_SIGN_STYLE = Automatic;
				DEVELOPMENT_TEAM = 5CLQV3W6FV;
				INFOPLIST_FILE = NetworkExamUITests/Info.plist;
				LD_RUNPATH_SEARCH_PATHS = (
					"$(inherited)",
					"@executable_path/Frameworks",
					"@loader_path/Frameworks",
				);
				PRODUCT_BUNDLE_IDENTIFIER = net.youngjun.NetworkExamUITests;
				PRODUCT_NAME = "$(TARGET_NAME)";
				SWIFT_VERSION = 4.2;
				TARGETED_DEVICE_FAMILY = "1,2";
				TEST_TARGET_NAME = NetworkExam;
			};
			name = Debug;
		};
		EF5FECFF222FC166004329D5 /* Release */ = {
			isa = XCBuildConfiguration;
			baseConfigurationReference = 7D04730CCE158B78C0778E5A /* Pods-NetworkExamUITests.release.xcconfig */;
			buildSettings = {
				ALWAYS_EMBED_SWIFT_STANDARD_LIBRARIES = YES;
				CODE_SIGN_STYLE = Automatic;
				DEVELOPMENT_TEAM = 5CLQV3W6FV;
				INFOPLIST_FILE = NetworkExamUITests/Info.plist;
				LD_RUNPATH_SEARCH_PATHS = (
					"$(inherited)",
					"@executable_path/Frameworks",
					"@loader_path/Frameworks",
				);
				PRODUCT_BUNDLE_IDENTIFIER = net.youngjun.NetworkExamUITests;
				PRODUCT_NAME = "$(TARGET_NAME)";
				SWIFT_VERSION = 4.2;
				TARGETED_DEVICE_FAMILY = "1,2";
				TEST_TARGET_NAME = NetworkExam;
			};
			name = Release;
		};
/* End XCBuildConfiguration section */

/* Begin XCConfigurationList section */
		EF5FECCA222FC165004329D5 /* Build configuration list for PBXProject "NetworkExam" */ = {
			isa = XCConfigurationList;
			buildConfigurations = (
				EF5FECF5222FC166004329D5 /* Debug */,
				EF5FECF6222FC166004329D5 /* Release */,
			);
			defaultConfigurationIsVisible = 0;
			defaultConfigurationName = Release;
		};
		EF5FECF7222FC166004329D5 /* Build configuration list for PBXNativeTarget "NetworkExam" */ = {
			isa = XCConfigurationList;
			buildConfigurations = (
				EF5FECF8222FC166004329D5 /* Debug */,
				EF5FECF9222FC166004329D5 /* Release */,
			);
			defaultConfigurationIsVisible = 0;
			defaultConfigurationName = Release;
		};
		EF5FECFA222FC166004329D5 /* Build configuration list for PBXNativeTarget "NetworkExamTests" */ = {
			isa = XCConfigurationList;
			buildConfigurations = (
				EF5FECFB222FC166004329D5 /* Debug */,
				EF5FECFC222FC166004329D5 /* Release */,
			);
			defaultConfigurationIsVisible = 0;
			defaultConfigurationName = Release;
		};
		EF5FECFD222FC166004329D5 /* Build configuration list for PBXNativeTarget "NetworkExamUITests" */ = {
			isa = XCConfigurationList;
			buildConfigurations = (
				EF5FECFE222FC166004329D5 /* Debug */,
				EF5FECFF222FC166004329D5 /* Release */,
			);
			defaultConfigurationIsVisible = 0;
			defaultConfigurationName = Release;
		};
/* End XCConfigurationList section */
	};
	rootObject = EF5FECC7222FC165004329D5 /* Project object */;
}
