// !$*UTF8*$!
{
	archiveVersion = 1;
	classes = {
	};
	objectVersion = 50;
	objects = {

/* Begin PBXBuildFile section */
		730FAB4BB6B61CCC5363D0D3 /* Pods_GroupTalkTests.framework in Frameworks */ = {isa = PBXBuildFile; fileRef = 19C2EE925EA19E8470FA9BBF /* Pods_GroupTalkTests.framework */; };
		D3AA958F15F7B5FD62AFCE48 /* Pods_GroupTalkUITests.framework in Frameworks */ = {isa = PBXBuildFile; fileRef = 84C2761B5110F16F3656AB77 /* Pods_GroupTalkUITests.framework */; };
		D6725BE7F332E06E8A10EB8A /* Pods_GroupTalk.framework in Frameworks */ = {isa = PBXBuildFile; fileRef = B92AE0F3EB75B11F989F9FDB /* Pods_GroupTalk.framework */; };
		EF1B1F9421FC8CB900C4F8B3 /* RemoteConfigDefaults.plist in Resources */ = {isa = PBXBuildFile; fileRef = EF1B1F9321FC8CB900C4F8B3 /* RemoteConfigDefaults.plist */; };
		EF1DE96621EC13AC00AEF9ED /* AppDelegate.swift in Sources */ = {isa = PBXBuildFile; fileRef = EF1DE96521EC13AC00AEF9ED /* AppDelegate.swift */; };
		EF1DE96821EC13AC00AEF9ED /* ViewController.swift in Sources */ = {isa = PBXBuildFile; fileRef = EF1DE96721EC13AC00AEF9ED /* ViewController.swift */; };
		EF1DE96B21EC13AC00AEF9ED /* Main.storyboard in Resources */ = {isa = PBXBuildFile; fileRef = EF1DE96921EC13AC00AEF9ED /* Main.storyboard */; };
		EF1DE96D21EC13AE00AEF9ED /* Assets.xcassets in Resources */ = {isa = PBXBuildFile; fileRef = EF1DE96C21EC13AE00AEF9ED /* Assets.xcassets */; };
		EF1DE97021EC13AE00AEF9ED /* LaunchScreen.storyboard in Resources */ = {isa = PBXBuildFile; fileRef = EF1DE96E21EC13AE00AEF9ED /* LaunchScreen.storyboard */; };
		EF1DE97B21EC13AE00AEF9ED /* GroupTalkTests.swift in Sources */ = {isa = PBXBuildFile; fileRef = EF1DE97A21EC13AE00AEF9ED /* GroupTalkTests.swift */; };
		EF1DE98621EC13AE00AEF9ED /* GroupTalkUITests.swift in Sources */ = {isa = PBXBuildFile; fileRef = EF1DE98521EC13AE00AEF9ED /* GroupTalkUITests.swift */; };
		EF1DE99421EC24CC00AEF9ED /* GoogleService-Info.plist in Resources */ = {isa = PBXBuildFile; fileRef = EF1DE99321EC24CC00AEF9ED /* GoogleService-Info.plist */; };
		EF2144D321FD34FD00859DB3 /* SignUpViewController.swift in Sources */ = {isa = PBXBuildFile; fileRef = EF2144D221FD34FD00859DB3 /* SignUpViewController.swift */; };
		EF22AEEF21FCC361009160E4 /* LoginViewController.swift in Sources */ = {isa = PBXBuildFile; fileRef = EF22AEEE21FCC361009160E4 /* LoginViewController.swift */; };
/* End PBXBuildFile section */

/* Begin PBXContainerItemProxy section */
		EF1DE97721EC13AE00AEF9ED /* PBXContainerItemProxy */ = {
			isa = PBXContainerItemProxy;
			containerPortal = EF1DE95A21EC13AC00AEF9ED /* Project object */;
			proxyType = 1;
			remoteGlobalIDString = EF1DE96121EC13AC00AEF9ED;
			remoteInfo = GroupTalk;
		};
		EF1DE98221EC13AE00AEF9ED /* PBXContainerItemProxy */ = {
			isa = PBXContainerItemProxy;
			containerPortal = EF1DE95A21EC13AC00AEF9ED /* Project object */;
			proxyType = 1;
			remoteGlobalIDString = EF1DE96121EC13AC00AEF9ED;
			remoteInfo = GroupTalk;
		};
/* End PBXContainerItemProxy section */

/* Begin PBXFileReference section */
		19C2EE925EA19E8470FA9BBF /* Pods_GroupTalkTests.framework */ = {isa = PBXFileReference; explicitFileType = wrapper.framework; includeInIndex = 0; path = Pods_GroupTalkTests.framework; sourceTree = BUILT_PRODUCTS_DIR; };
		22151469EADB6BE254CB48B9 /* Pods-GroupTalkUITests.release.xcconfig */ = {isa = PBXFileReference; includeInIndex = 1; lastKnownFileType = text.xcconfig; name = "Pods-GroupTalkUITests.release.xcconfig"; path = "Pods/Target Support Files/Pods-GroupTalkUITests/Pods-GroupTalkUITests.release.xcconfig"; sourceTree = "<group>"; };
		6B64513F4CA51128B49513D2 /* Pods-GroupTalkTests.debug.xcconfig */ = {isa = PBXFileReference; includeInIndex = 1; lastKnownFileType = text.xcconfig; name = "Pods-GroupTalkTests.debug.xcconfig"; path = "Pods/Target Support Files/Pods-GroupTalkTests/Pods-GroupTalkTests.debug.xcconfig"; sourceTree = "<group>"; };
		84C2761B5110F16F3656AB77 /* Pods_GroupTalkUITests.framework */ = {isa = PBXFileReference; explicitFileType = wrapper.framework; includeInIndex = 0; path = Pods_GroupTalkUITests.framework; sourceTree = BUILT_PRODUCTS_DIR; };
		B34F6395C3023B5607073358 /* Pods-GroupTalk.release.xcconfig */ = {isa = PBXFileReference; includeInIndex = 1; lastKnownFileType = text.xcconfig; name = "Pods-GroupTalk.release.xcconfig"; path = "Pods/Target Support Files/Pods-GroupTalk/Pods-GroupTalk.release.xcconfig"; sourceTree = "<group>"; };
		B92AE0F3EB75B11F989F9FDB /* Pods_GroupTalk.framework */ = {isa = PBXFileReference; explicitFileType = wrapper.framework; includeInIndex = 0; path = Pods_GroupTalk.framework; sourceTree = BUILT_PRODUCTS_DIR; };
		C43696DF5CD90EBB42C79B5C /* Pods-GroupTalk.debug.xcconfig */ = {isa = PBXFileReference; includeInIndex = 1; lastKnownFileType = text.xcconfig; name = "Pods-GroupTalk.debug.xcconfig"; path = "Pods/Target Support Files/Pods-GroupTalk/Pods-GroupTalk.debug.xcconfig"; sourceTree = "<group>"; };
		C562D528C0DA933C8C547BAE /* Pods-GroupTalkTests.release.xcconfig */ = {isa = PBXFileReference; includeInIndex = 1; lastKnownFileType = text.xcconfig; name = "Pods-GroupTalkTests.release.xcconfig"; path = "Pods/Target Support Files/Pods-GroupTalkTests/Pods-GroupTalkTests.release.xcconfig"; sourceTree = "<group>"; };
		CF21BA2718BEB2038AC2E0BE /* Pods-GroupTalkUITests.debug.xcconfig */ = {isa = PBXFileReference; includeInIndex = 1; lastKnownFileType = text.xcconfig; name = "Pods-GroupTalkUITests.debug.xcconfig"; path = "Pods/Target Support Files/Pods-GroupTalkUITests/Pods-GroupTalkUITests.debug.xcconfig"; sourceTree = "<group>"; };
		EF1B1F9321FC8CB900C4F8B3 /* RemoteConfigDefaults.plist */ = {isa = PBXFileReference; lastKnownFileType = text.plist.xml; path = RemoteConfigDefaults.plist; sourceTree = "<group>"; };
		EF1DE96221EC13AC00AEF9ED /* GroupTalk.app */ = {isa = PBXFileReference; explicitFileType = wrapper.application; includeInIndex = 0; path = GroupTalk.app; sourceTree = BUILT_PRODUCTS_DIR; };
		EF1DE96521EC13AC00AEF9ED /* AppDelegate.swift */ = {isa = PBXFileReference; lastKnownFileType = sourcecode.swift; path = AppDelegate.swift; sourceTree = "<group>"; };
		EF1DE96721EC13AC00AEF9ED /* ViewController.swift */ = {isa = PBXFileReference; lastKnownFileType = sourcecode.swift; path = ViewController.swift; sourceTree = "<group>"; };
		EF1DE96A21EC13AC00AEF9ED /* Base */ = {isa = PBXFileReference; lastKnownFileType = file.storyboard; name = Base; path = Base.lproj/Main.storyboard; sourceTree = "<group>"; };
		EF1DE96C21EC13AE00AEF9ED /* Assets.xcassets */ = {isa = PBXFileReference; lastKnownFileType = folder.assetcatalog; path = Assets.xcassets; sourceTree = "<group>"; };
		EF1DE96F21EC13AE00AEF9ED /* Base */ = {isa = PBXFileReference; lastKnownFileType = file.storyboard; name = Base; path = Base.lproj/LaunchScreen.storyboard; sourceTree = "<group>"; };
		EF1DE97121EC13AE00AEF9ED /* Info.plist */ = {isa = PBXFileReference; lastKnownFileType = text.plist.xml; path = Info.plist; sourceTree = "<group>"; };
		EF1DE97621EC13AE00AEF9ED /* GroupTalkTests.xctest */ = {isa = PBXFileReference; explicitFileType = wrapper.cfbundle; includeInIndex = 0; path = GroupTalkTests.xctest; sourceTree = BUILT_PRODUCTS_DIR; };
		EF1DE97A21EC13AE00AEF9ED /* GroupTalkTests.swift */ = {isa = PBXFileReference; lastKnownFileType = sourcecode.swift; path = GroupTalkTests.swift; sourceTree = "<group>"; };
		EF1DE97C21EC13AE00AEF9ED /* Info.plist */ = {isa = PBXFileReference; lastKnownFileType = text.plist.xml; path = Info.plist; sourceTree = "<group>"; };
		EF1DE98121EC13AE00AEF9ED /* GroupTalkUITests.xctest */ = {isa = PBXFileReference; explicitFileType = wrapper.cfbundle; includeInIndex = 0; path = GroupTalkUITests.xctest; sourceTree = BUILT_PRODUCTS_DIR; };
		EF1DE98521EC13AE00AEF9ED /* GroupTalkUITests.swift */ = {isa = PBXFileReference; lastKnownFileType = sourcecode.swift; path = GroupTalkUITests.swift; sourceTree = "<group>"; };
		EF1DE98721EC13AE00AEF9ED /* Info.plist */ = {isa = PBXFileReference; lastKnownFileType = text.plist.xml; path = Info.plist; sourceTree = "<group>"; };
		EF1DE99321EC24CC00AEF9ED /* GoogleService-Info.plist */ = {isa = PBXFileReference; fileEncoding = 4; lastKnownFileType = text.plist.xml; path = "GoogleService-Info.plist"; sourceTree = "<group>"; };
		EF2144D221FD34FD00859DB3 /* SignUpViewController.swift */ = {isa = PBXFileReference; lastKnownFileType = sourcecode.swift; path = SignUpViewController.swift; sourceTree = "<group>"; };
		EF22AEEE21FCC361009160E4 /* LoginViewController.swift */ = {isa = PBXFileReference; lastKnownFileType = sourcecode.swift; name = LoginViewController.swift; path = "/Users/youngjungoo/Desktop/iOS-Studio/GroupTalk/GroupTalk/LoginViewController.swift"; sourceTree = "<absolute>"; };
/* End PBXFileReference section */

/* Begin PBXFrameworksBuildPhase section */
		EF1DE95F21EC13AC00AEF9ED /* Frameworks */ = {
			isa = PBXFrameworksBuildPhase;
			buildActionMask = 2147483647;
			files = (
				D6725BE7F332E06E8A10EB8A /* Pods_GroupTalk.framework in Frameworks */,
			);
			runOnlyForDeploymentPostprocessing = 0;
		};
		EF1DE97321EC13AE00AEF9ED /* Frameworks */ = {
			isa = PBXFrameworksBuildPhase;
			buildActionMask = 2147483647;
			files = (
				730FAB4BB6B61CCC5363D0D3 /* Pods_GroupTalkTests.framework in Frameworks */,
			);
			runOnlyForDeploymentPostprocessing = 0;
		};
		EF1DE97E21EC13AE00AEF9ED /* Frameworks */ = {
			isa = PBXFrameworksBuildPhase;
			buildActionMask = 2147483647;
			files = (
				D3AA958F15F7B5FD62AFCE48 /* Pods_GroupTalkUITests.framework in Frameworks */,
			);
			runOnlyForDeploymentPostprocessing = 0;
		};
/* End PBXFrameworksBuildPhase section */

/* Begin PBXGroup section */
		215E51FEC6FE4BD9E16EBBEB /* Pods */ = {
			isa = PBXGroup;
			children = (
				C43696DF5CD90EBB42C79B5C /* Pods-GroupTalk.debug.xcconfig */,
				B34F6395C3023B5607073358 /* Pods-GroupTalk.release.xcconfig */,
				6B64513F4CA51128B49513D2 /* Pods-GroupTalkTests.debug.xcconfig */,
				C562D528C0DA933C8C547BAE /* Pods-GroupTalkTests.release.xcconfig */,
				CF21BA2718BEB2038AC2E0BE /* Pods-GroupTalkUITests.debug.xcconfig */,
				22151469EADB6BE254CB48B9 /* Pods-GroupTalkUITests.release.xcconfig */,
			);
			name = Pods;
			sourceTree = "<group>";
		};
		75401F0672E06499D4F4A756 /* Frameworks */ = {
			isa = PBXGroup;
			children = (
				B92AE0F3EB75B11F989F9FDB /* Pods_GroupTalk.framework */,
				19C2EE925EA19E8470FA9BBF /* Pods_GroupTalkTests.framework */,
				84C2761B5110F16F3656AB77 /* Pods_GroupTalkUITests.framework */,
			);
			name = Frameworks;
			sourceTree = "<group>";
		};
		EF1DE95921EC13AC00AEF9ED = {
			isa = PBXGroup;
			children = (
				EF1DE96421EC13AC00AEF9ED /* GroupTalk */,
				EF1DE97921EC13AE00AEF9ED /* GroupTalkTests */,
				EF1DE98421EC13AE00AEF9ED /* GroupTalkUITests */,
				EF1DE96321EC13AC00AEF9ED /* Products */,
				215E51FEC6FE4BD9E16EBBEB /* Pods */,
				75401F0672E06499D4F4A756 /* Frameworks */,
			);
			sourceTree = "<group>";
		};
		EF1DE96321EC13AC00AEF9ED /* Products */ = {
			isa = PBXGroup;
			children = (
				EF1DE96221EC13AC00AEF9ED /* GroupTalk.app */,
				EF1DE97621EC13AE00AEF9ED /* GroupTalkTests.xctest */,
				EF1DE98121EC13AE00AEF9ED /* GroupTalkUITests.xctest */,
			);
			name = Products;
			sourceTree = "<group>";
		};
		EF1DE96421EC13AC00AEF9ED /* GroupTalk */ = {
			isa = PBXGroup;
			children = (
				EF1DE99321EC24CC00AEF9ED /* GoogleService-Info.plist */,
				EF1DE96521EC13AC00AEF9ED /* AppDelegate.swift */,
				EF1DE96721EC13AC00AEF9ED /* ViewController.swift */,
				EF22AEEE21FCC361009160E4 /* LoginViewController.swift */,
				EF2144D221FD34FD00859DB3 /* SignUpViewController.swift */,
				EF1B1F9321FC8CB900C4F8B3 /* RemoteConfigDefaults.plist */,
				EF1DE96921EC13AC00AEF9ED /* Main.storyboard */,
				EF1DE96C21EC13AE00AEF9ED /* Assets.xcassets */,
				EF1DE96E21EC13AE00AEF9ED /* LaunchScreen.storyboard */,
				EF1DE97121EC13AE00AEF9ED /* Info.plist */,
			);
			path = GroupTalk;
			sourceTree = "<group>";
		};
		EF1DE97921EC13AE00AEF9ED /* GroupTalkTests */ = {
			isa = PBXGroup;
			children = (
				EF1DE97A21EC13AE00AEF9ED /* GroupTalkTests.swift */,
				EF1DE97C21EC13AE00AEF9ED /* Info.plist */,
			);
			path = GroupTalkTests;
			sourceTree = "<group>";
		};
		EF1DE98421EC13AE00AEF9ED /* GroupTalkUITests */ = {
			isa = PBXGroup;
			children = (
				EF1DE98521EC13AE00AEF9ED /* GroupTalkUITests.swift */,
				EF1DE98721EC13AE00AEF9ED /* Info.plist */,
			);
			path = GroupTalkUITests;
			sourceTree = "<group>";
		};
/* End PBXGroup section */

/* Begin PBXNativeTarget section */
		EF1DE96121EC13AC00AEF9ED /* GroupTalk */ = {
			isa = PBXNativeTarget;
			buildConfigurationList = EF1DE98A21EC13AE00AEF9ED /* Build configuration list for PBXNativeTarget "GroupTalk" */;
			buildPhases = (
				634CF764CA1D5A0620401EA9 /* [CP] Check Pods Manifest.lock */,
				EF1DE95E21EC13AC00AEF9ED /* Sources */,
				EF1DE95F21EC13AC00AEF9ED /* Frameworks */,
				EF1DE96021EC13AC00AEF9ED /* Resources */,
				F31664A7BAD46EAB386768C8 /* [CP] Embed Pods Frameworks */,
			);
			buildRules = (
			);
			dependencies = (
			);
			name = GroupTalk;
			productName = GroupTalk;
			productReference = EF1DE96221EC13AC00AEF9ED /* GroupTalk.app */;
			productType = "com.apple.product-type.application";
		};
		EF1DE97521EC13AE00AEF9ED /* GroupTalkTests */ = {
			isa = PBXNativeTarget;
			buildConfigurationList = EF1DE98D21EC13AE00AEF9ED /* Build configuration list for PBXNativeTarget "GroupTalkTests" */;
			buildPhases = (
				74A784D40733A531EF41EBF4 /* [CP] Check Pods Manifest.lock */,
				EF1DE97221EC13AE00AEF9ED /* Sources */,
				EF1DE97321EC13AE00AEF9ED /* Frameworks */,
				EF1DE97421EC13AE00AEF9ED /* Resources */,
			);
			buildRules = (
			);
			dependencies = (
				EF1DE97821EC13AE00AEF9ED /* PBXTargetDependency */,
			);
			name = GroupTalkTests;
			productName = GroupTalkTests;
			productReference = EF1DE97621EC13AE00AEF9ED /* GroupTalkTests.xctest */;
			productType = "com.apple.product-type.bundle.unit-test";
		};
		EF1DE98021EC13AE00AEF9ED /* GroupTalkUITests */ = {
			isa = PBXNativeTarget;
			buildConfigurationList = EF1DE99021EC13AE00AEF9ED /* Build configuration list for PBXNativeTarget "GroupTalkUITests" */;
			buildPhases = (
				32A0C59E6D2C14C49C669A28 /* [CP] Check Pods Manifest.lock */,
				EF1DE97D21EC13AE00AEF9ED /* Sources */,
				EF1DE97E21EC13AE00AEF9ED /* Frameworks */,
				EF1DE97F21EC13AE00AEF9ED /* Resources */,
			);
			buildRules = (
			);
			dependencies = (
				EF1DE98321EC13AE00AEF9ED /* PBXTargetDependency */,
			);
			name = GroupTalkUITests;
			productName = GroupTalkUITests;
			productReference = EF1DE98121EC13AE00AEF9ED /* GroupTalkUITests.xctest */;
			productType = "com.apple.product-type.bundle.ui-testing";
		};
/* End PBXNativeTarget section */

/* Begin PBXProject section */
		EF1DE95A21EC13AC00AEF9ED /* Project object */ = {
			isa = PBXProject;
			attributes = {
				LastSwiftUpdateCheck = 1010;
				LastUpgradeCheck = 1010;
				ORGANIZATIONNAME = "youngjun goo";
				TargetAttributes = {
					EF1DE96121EC13AC00AEF9ED = {
						CreatedOnToolsVersion = 10.1;
					};
					EF1DE97521EC13AE00AEF9ED = {
						CreatedOnToolsVersion = 10.1;
						TestTargetID = EF1DE96121EC13AC00AEF9ED;
					};
					EF1DE98021EC13AE00AEF9ED = {
						CreatedOnToolsVersion = 10.1;
						TestTargetID = EF1DE96121EC13AC00AEF9ED;
					};
				};
			};
			buildConfigurationList = EF1DE95D21EC13AC00AEF9ED /* Build configuration list for PBXProject "GroupTalk" */;
			compatibilityVersion = "Xcode 9.3";
			developmentRegion = en;
			hasScannedForEncodings = 0;
			knownRegions = (
				en,
				Base,
			);
			mainGroup = EF1DE95921EC13AC00AEF9ED;
			productRefGroup = EF1DE96321EC13AC00AEF9ED /* Products */;
			projectDirPath = "";
			projectRoot = "";
			targets = (
				EF1DE96121EC13AC00AEF9ED /* GroupTalk */,
				EF1DE97521EC13AE00AEF9ED /* GroupTalkTests */,
				EF1DE98021EC13AE00AEF9ED /* GroupTalkUITests */,
			);
		};
/* End PBXProject section */

/* Begin PBXResourcesBuildPhase section */
		EF1DE96021EC13AC00AEF9ED /* Resources */ = {
			isa = PBXResourcesBuildPhase;
			buildActionMask = 2147483647;
			files = (
				EF1DE97021EC13AE00AEF9ED /* LaunchScreen.storyboard in Resources */,
				EF1B1F9421FC8CB900C4F8B3 /* RemoteConfigDefaults.plist in Resources */,
				EF1DE99421EC24CC00AEF9ED /* GoogleService-Info.plist in Resources */,
				EF1DE96D21EC13AE00AEF9ED /* Assets.xcassets in Resources */,
				EF1DE96B21EC13AC00AEF9ED /* Main.storyboard in Resources */,
			);
			runOnlyForDeploymentPostprocessing = 0;
		};
		EF1DE97421EC13AE00AEF9ED /* Resources */ = {
			isa = PBXResourcesBuildPhase;
			buildActionMask = 2147483647;
			files = (
			);
			runOnlyForDeploymentPostprocessing = 0;
		};
		EF1DE97F21EC13AE00AEF9ED /* Resources */ = {
			isa = PBXResourcesBuildPhase;
			buildActionMask = 2147483647;
			files = (
			);
			runOnlyForDeploymentPostprocessing = 0;
		};
/* End PBXResourcesBuildPhase section */

/* Begin PBXShellScriptBuildPhase section */
		32A0C59E6D2C14C49C669A28 /* [CP] Check Pods Manifest.lock */ = {
			isa = PBXShellScriptBuildPhase;
			buildActionMask = 2147483647;
			files = (
			);
			inputPaths = (
				"${PODS_PODFILE_DIR_PATH}/Podfile.lock",
				"${PODS_ROOT}/Manifest.lock",
			);
			name = "[CP] Check Pods Manifest.lock";
			outputPaths = (
				"$(DERIVED_FILE_DIR)/Pods-GroupTalkUITests-checkManifestLockResult.txt",
			);
			runOnlyForDeploymentPostprocessing = 0;
			shellPath = /bin/sh;
			shellScript = "diff \"${PODS_PODFILE_DIR_PATH}/Podfile.lock\" \"${PODS_ROOT}/Manifest.lock\" > /dev/null\nif [ $? != 0 ] ; then\n    # print error to STDERR\n    echo \"error: The sandbox is not in sync with the Podfile.lock. Run 'pod install' or update your CocoaPods installation.\" >&2\n    exit 1\nfi\n# This output is used by Xcode 'outputs' to avoid re-running this script phase.\necho \"SUCCESS\" > \"${SCRIPT_OUTPUT_FILE_0}\"\n";
			showEnvVarsInLog = 0;
		};
		634CF764CA1D5A0620401EA9 /* [CP] Check Pods Manifest.lock */ = {
			isa = PBXShellScriptBuildPhase;
			buildActionMask = 2147483647;
			files = (
			);
			inputPaths = (
				"${PODS_PODFILE_DIR_PATH}/Podfile.lock",
				"${PODS_ROOT}/Manifest.lock",
			);
			name = "[CP] Check Pods Manifest.lock";
			outputPaths = (
				"$(DERIVED_FILE_DIR)/Pods-GroupTalk-checkManifestLockResult.txt",
			);
			runOnlyForDeploymentPostprocessing = 0;
			shellPath = /bin/sh;
			shellScript = "diff \"${PODS_PODFILE_DIR_PATH}/Podfile.lock\" \"${PODS_ROOT}/Manifest.lock\" > /dev/null\nif [ $? != 0 ] ; then\n    # print error to STDERR\n    echo \"error: The sandbox is not in sync with the Podfile.lock. Run 'pod install' or update your CocoaPods installation.\" >&2\n    exit 1\nfi\n# This output is used by Xcode 'outputs' to avoid re-running this script phase.\necho \"SUCCESS\" > \"${SCRIPT_OUTPUT_FILE_0}\"\n";
			showEnvVarsInLog = 0;
		};
		74A784D40733A531EF41EBF4 /* [CP] Check Pods Manifest.lock */ = {
			isa = PBXShellScriptBuildPhase;
			buildActionMask = 2147483647;
			files = (
			);
			inputPaths = (
				"${PODS_PODFILE_DIR_PATH}/Podfile.lock",
				"${PODS_ROOT}/Manifest.lock",
			);
			name = "[CP] Check Pods Manifest.lock";
			outputPaths = (
				"$(DERIVED_FILE_DIR)/Pods-GroupTalkTests-checkManifestLockResult.txt",
			);
			runOnlyForDeploymentPostprocessing = 0;
			shellPath = /bin/sh;
			shellScript = "diff \"${PODS_PODFILE_DIR_PATH}/Podfile.lock\" \"${PODS_ROOT}/Manifest.lock\" > /dev/null\nif [ $? != 0 ] ; then\n    # print error to STDERR\n    echo \"error: The sandbox is not in sync with the Podfile.lock. Run 'pod install' or update your CocoaPods installation.\" >&2\n    exit 1\nfi\n# This output is used by Xcode 'outputs' to avoid re-running this script phase.\necho \"SUCCESS\" > \"${SCRIPT_OUTPUT_FILE_0}\"\n";
			showEnvVarsInLog = 0;
		};
		F31664A7BAD46EAB386768C8 /* [CP] Embed Pods Frameworks */ = {
			isa = PBXShellScriptBuildPhase;
			buildActionMask = 2147483647;
			files = (
			);
			inputPaths = (
				"${SRCROOT}/Pods/Target Support Files/Pods-GroupTalk/Pods-GroupTalk-frameworks.sh",
				"${BUILT_PRODUCTS_DIR}/GTMSessionFetcher/GTMSessionFetcher.framework",
				"${BUILT_PRODUCTS_DIR}/GoogleUtilities/GoogleUtilities.framework",
				"${BUILT_PRODUCTS_DIR}/Protobuf/Protobuf.framework",
				"${BUILT_PRODUCTS_DIR}/SnapKit/SnapKit.framework",
				"${BUILT_PRODUCTS_DIR}/TextFieldEffects/TextFieldEffects.framework",
				"${BUILT_PRODUCTS_DIR}/leveldb-library/leveldb.framework",
				"${BUILT_PRODUCTS_DIR}/nanopb/nanopb.framework",
			);
			name = "[CP] Embed Pods Frameworks";
			outputPaths = (
				"${TARGET_BUILD_DIR}/${FRAMEWORKS_FOLDER_PATH}/GTMSessionFetcher.framework",
				"${TARGET_BUILD_DIR}/${FRAMEWORKS_FOLDER_PATH}/GoogleUtilities.framework",
				"${TARGET_BUILD_DIR}/${FRAMEWORKS_FOLDER_PATH}/Protobuf.framework",
				"${TARGET_BUILD_DIR}/${FRAMEWORKS_FOLDER_PATH}/SnapKit.framework",
				"${TARGET_BUILD_DIR}/${FRAMEWORKS_FOLDER_PATH}/TextFieldEffects.framework",
				"${TARGET_BUILD_DIR}/${FRAMEWORKS_FOLDER_PATH}/leveldb.framework",
				"${TARGET_BUILD_DIR}/${FRAMEWORKS_FOLDER_PATH}/nanopb.framework",
			);
			runOnlyForDeploymentPostprocessing = 0;
			shellPath = /bin/sh;
			shellScript = "\"${SRCROOT}/Pods/Target Support Files/Pods-GroupTalk/Pods-GroupTalk-frameworks.sh\"\n";
			showEnvVarsInLog = 0;
		};
/* End PBXShellScriptBuildPhase section */

/* Begin PBXSourcesBuildPhase section */
		EF1DE95E21EC13AC00AEF9ED /* Sources */ = {
			isa = PBXSourcesBuildPhase;
			buildActionMask = 2147483647;
			files = (
				EF2144D321FD34FD00859DB3 /* SignUpViewController.swift in Sources */,
				EF22AEEF21FCC361009160E4 /* LoginViewController.swift in Sources */,
				EF1DE96821EC13AC00AEF9ED /* ViewController.swift in Sources */,
				EF1DE96621EC13AC00AEF9ED /* AppDelegate.swift in Sources */,
			);
			runOnlyForDeploymentPostprocessing = 0;
		};
		EF1DE97221EC13AE00AEF9ED /* Sources */ = {
			isa = PBXSourcesBuildPhase;
			buildActionMask = 2147483647;
			files = (
				EF1DE97B21EC13AE00AEF9ED /* GroupTalkTests.swift in Sources */,
			);
			runOnlyForDeploymentPostprocessing = 0;
		};
		EF1DE97D21EC13AE00AEF9ED /* Sources */ = {
			isa = PBXSourcesBuildPhase;
			buildActionMask = 2147483647;
			files = (
				EF1DE98621EC13AE00AEF9ED /* GroupTalkUITests.swift in Sources */,
			);
			runOnlyForDeploymentPostprocessing = 0;
		};
/* End PBXSourcesBuildPhase section */

/* Begin PBXTargetDependency section */
		EF1DE97821EC13AE00AEF9ED /* PBXTargetDependency */ = {
			isa = PBXTargetDependency;
			target = EF1DE96121EC13AC00AEF9ED /* GroupTalk */;
			targetProxy = EF1DE97721EC13AE00AEF9ED /* PBXContainerItemProxy */;
		};
		EF1DE98321EC13AE00AEF9ED /* PBXTargetDependency */ = {
			isa = PBXTargetDependency;
			target = EF1DE96121EC13AC00AEF9ED /* GroupTalk */;
			targetProxy = EF1DE98221EC13AE00AEF9ED /* PBXContainerItemProxy */;
		};
/* End PBXTargetDependency section */

/* Begin PBXVariantGroup section */
		EF1DE96921EC13AC00AEF9ED /* Main.storyboard */ = {
			isa = PBXVariantGroup;
			children = (
				EF1DE96A21EC13AC00AEF9ED /* Base */,
			);
			name = Main.storyboard;
			sourceTree = "<group>";
		};
		EF1DE96E21EC13AE00AEF9ED /* LaunchScreen.storyboard */ = {
			isa = PBXVariantGroup;
			children = (
				EF1DE96F21EC13AE00AEF9ED /* Base */,
			);
			name = LaunchScreen.storyboard;
			sourceTree = "<group>";
		};
/* End PBXVariantGroup section */

/* Begin XCBuildConfiguration section */
		EF1DE98821EC13AE00AEF9ED /* Debug */ = {
			isa = XCBuildConfiguration;
			buildSettings = {
				ALWAYS_SEARCH_USER_PATHS = NO;
				CLANG_ANALYZER_NONNULL = YES;
				CLANG_ANALYZER_NUMBER_OBJECT_CONVERSION = YES_AGGRESSIVE;
				CLANG_CXX_LANGUAGE_STANDARD = "gnu++14";
				CLANG_CXX_LIBRARY = "libc++";
				CLANG_ENABLE_MODULES = YES;
				CLANG_ENABLE_OBJC_ARC = YES;
				CLANG_ENABLE_OBJC_WEAK = YES;
				CLANG_WARN_BLOCK_CAPTURE_AUTORELEASING = YES;
				CLANG_WARN_BOOL_CONVERSION = YES;
				CLANG_WARN_COMMA = YES;
				CLANG_WARN_CONSTANT_CONVERSION = YES;
				CLANG_WARN_DEPRECATED_OBJC_IMPLEMENTATIONS = YES;
				CLANG_WARN_DIRECT_OBJC_ISA_USAGE = YES_ERROR;
				CLANG_WARN_DOCUMENTATION_COMMENTS = YES;
				CLANG_WARN_EMPTY_BODY = YES;
				CLANG_WARN_ENUM_CONVERSION = YES;
				CLANG_WARN_INFINITE_RECURSION = YES;
				CLANG_WARN_INT_CONVERSION = YES;
				CLANG_WARN_NON_LITERAL_NULL_CONVERSION = YES;
				CLANG_WARN_OBJC_IMPLICIT_RETAIN_SELF = YES;
				CLANG_WARN_OBJC_LITERAL_CONVERSION = YES;
				CLANG_WARN_OBJC_ROOT_CLASS = YES_ERROR;
				CLANG_WARN_RANGE_LOOP_ANALYSIS = YES;
				CLANG_WARN_STRICT_PROTOTYPES = YES;
				CLANG_WARN_SUSPICIOUS_MOVE = YES;
				CLANG_WARN_UNGUARDED_AVAILABILITY = YES_AGGRESSIVE;
				CLANG_WARN_UNREACHABLE_CODE = YES;
				CLANG_WARN__DUPLICATE_METHOD_MATCH = YES;
				CODE_SIGN_IDENTITY = "iPhone Developer";
				COPY_PHASE_STRIP = NO;
				DEBUG_INFORMATION_FORMAT = dwarf;
				ENABLE_STRICT_OBJC_MSGSEND = YES;
				ENABLE_TESTABILITY = YES;
				GCC_C_LANGUAGE_STANDARD = gnu11;
				GCC_DYNAMIC_NO_PIC = NO;
				GCC_NO_COMMON_BLOCKS = YES;
				GCC_OPTIMIZATION_LEVEL = 0;
				GCC_PREPROCESSOR_DEFINITIONS = (
					"DEBUG=1",
					"$(inherited)",
				);
				GCC_WARN_64_TO_32_BIT_CONVERSION = YES;
				GCC_WARN_ABOUT_RETURN_TYPE = YES_ERROR;
				GCC_WARN_UNDECLARED_SELECTOR = YES;
				GCC_WARN_UNINITIALIZED_AUTOS = YES_AGGRESSIVE;
				GCC_WARN_UNUSED_FUNCTION = YES;
				GCC_WARN_UNUSED_VARIABLE = YES;
				IPHONEOS_DEPLOYMENT_TARGET = 12.1;
				MTL_ENABLE_DEBUG_INFO = INCLUDE_SOURCE;
				MTL_FAST_MATH = YES;
				ONLY_ACTIVE_ARCH = YES;
				SDKROOT = iphoneos;
				SWIFT_ACTIVE_COMPILATION_CONDITIONS = DEBUG;
				SWIFT_OPTIMIZATION_LEVEL = "-Onone";
			};
			name = Debug;
		};
		EF1DE98921EC13AE00AEF9ED /* Release */ = {
			isa = XCBuildConfiguration;
			buildSettings = {
				ALWAYS_SEARCH_USER_PATHS = NO;
				CLANG_ANALYZER_NONNULL = YES;
				CLANG_ANALYZER_NUMBER_OBJECT_CONVERSION = YES_AGGRESSIVE;
				CLANG_CXX_LANGUAGE_STANDARD = "gnu++14";
				CLANG_CXX_LIBRARY = "libc++";
				CLANG_ENABLE_MODULES = YES;
				CLANG_ENABLE_OBJC_ARC = YES;
				CLANG_ENABLE_OBJC_WEAK = YES;
				CLANG_WARN_BLOCK_CAPTURE_AUTORELEASING = YES;
				CLANG_WARN_BOOL_CONVERSION = YES;
				CLANG_WARN_COMMA = YES;
				CLANG_WARN_CONSTANT_CONVERSION = YES;
				CLANG_WARN_DEPRECATED_OBJC_IMPLEMENTATIONS = YES;
				CLANG_WARN_DIRECT_OBJC_ISA_USAGE = YES_ERROR;
				CLANG_WARN_DOCUMENTATION_COMMENTS = YES;
				CLANG_WARN_EMPTY_BODY = YES;
				CLANG_WARN_ENUM_CONVERSION = YES;
				CLANG_WARN_INFINITE_RECURSION = YES;
				CLANG_WARN_INT_CONVERSION = YES;
				CLANG_WARN_NON_LITERAL_NULL_CONVERSION = YES;
				CLANG_WARN_OBJC_IMPLICIT_RETAIN_SELF = YES;
				CLANG_WARN_OBJC_LITERAL_CONVERSION = YES;
				CLANG_WARN_OBJC_ROOT_CLASS = YES_ERROR;
				CLANG_WARN_RANGE_LOOP_ANALYSIS = YES;
				CLANG_WARN_STRICT_PROTOTYPES = YES;
				CLANG_WARN_SUSPICIOUS_MOVE = YES;
				CLANG_WARN_UNGUARDED_AVAILABILITY = YES_AGGRESSIVE;
				CLANG_WARN_UNREACHABLE_CODE = YES;
				CLANG_WARN__DUPLICATE_METHOD_MATCH = YES;
				CODE_SIGN_IDENTITY = "iPhone Developer";
				COPY_PHASE_STRIP = NO;
				DEBUG_INFORMATION_FORMAT = "dwarf-with-dsym";
				ENABLE_NS_ASSERTIONS = NO;
				ENABLE_STRICT_OBJC_MSGSEND = YES;
				GCC_C_LANGUAGE_STANDARD = gnu11;
				GCC_NO_COMMON_BLOCKS = YES;
				GCC_WARN_64_TO_32_BIT_CONVERSION = YES;
				GCC_WARN_ABOUT_RETURN_TYPE = YES_ERROR;
				GCC_WARN_UNDECLARED_SELECTOR = YES;
				GCC_WARN_UNINITIALIZED_AUTOS = YES_AGGRESSIVE;
				GCC_WARN_UNUSED_FUNCTION = YES;
				GCC_WARN_UNUSED_VARIABLE = YES;
				IPHONEOS_DEPLOYMENT_TARGET = 12.1;
				MTL_ENABLE_DEBUG_INFO = NO;
				MTL_FAST_MATH = YES;
				SDKROOT = iphoneos;
				SWIFT_COMPILATION_MODE = wholemodule;
				SWIFT_OPTIMIZATION_LEVEL = "-O";
				VALIDATE_PRODUCT = YES;
			};
			name = Release;
		};
		EF1DE98B21EC13AE00AEF9ED /* Debug */ = {
			isa = XCBuildConfiguration;
			baseConfigurationReference = C43696DF5CD90EBB42C79B5C /* Pods-GroupTalk.debug.xcconfig */;
			buildSettings = {
				ASSETCATALOG_COMPILER_APPICON_NAME = AppIcon;
				CODE_SIGN_STYLE = Automatic;
				DEVELOPMENT_TEAM = 5CLQV3W6FV;
				INFOPLIST_FILE = GroupTalk/Info.plist;
				LD_RUNPATH_SEARCH_PATHS = (
					"$(inherited)",
					"@executable_path/Frameworks",
				);
				PRODUCT_BUNDLE_IDENTIFIER = net.youngjun.GroupTalk;
				PRODUCT_NAME = "$(TARGET_NAME)";
				SWIFT_VERSION = 4.2;
				TARGETED_DEVICE_FAMILY = "1,2";
			};
			name = Debug;
		};
		EF1DE98C21EC13AE00AEF9ED /* Release */ = {
			isa = XCBuildConfiguration;
			baseConfigurationReference = B34F6395C3023B5607073358 /* Pods-GroupTalk.release.xcconfig */;
			buildSettings = {
				ASSETCATALOG_COMPILER_APPICON_NAME = AppIcon;
				CODE_SIGN_STYLE = Automatic;
				DEVELOPMENT_TEAM = 5CLQV3W6FV;
				INFOPLIST_FILE = GroupTalk/Info.plist;
				LD_RUNPATH_SEARCH_PATHS = (
					"$(inherited)",
					"@executable_path/Frameworks",
				);
				PRODUCT_BUNDLE_IDENTIFIER = net.youngjun.GroupTalk;
				PRODUCT_NAME = "$(TARGET_NAME)";
				SWIFT_VERSION = 4.2;
				TARGETED_DEVICE_FAMILY = "1,2";
			};
			name = Release;
		};
		EF1DE98E21EC13AE00AEF9ED /* Debug */ = {
			isa = XCBuildConfiguration;
			baseConfigurationReference = 6B64513F4CA51128B49513D2 /* Pods-GroupTalkTests.debug.xcconfig */;
			buildSettings = {
				ALWAYS_EMBED_SWIFT_STANDARD_LIBRARIES = YES;
				BUNDLE_LOADER = "$(TEST_HOST)";
				CODE_SIGN_STYLE = Automatic;
				DEVELOPMENT_TEAM = 5CLQV3W6FV;
				INFOPLIST_FILE = GroupTalkTests/Info.plist;
				LD_RUNPATH_SEARCH_PATHS = (
					"$(inherited)",
					"@executable_path/Frameworks",
					"@loader_path/Frameworks",
				);
				PRODUCT_BUNDLE_IDENTIFIER = net.youngjun.GroupTalkTests;
				PRODUCT_NAME = "$(TARGET_NAME)";
				SWIFT_VERSION = 4.2;
				TARGETED_DEVICE_FAMILY = "1,2";
				TEST_HOST = "$(BUILT_PRODUCTS_DIR)/GroupTalk.app/GroupTalk";
			};
			name = Debug;
		};
		EF1DE98F21EC13AE00AEF9ED /* Release */ = {
			isa = XCBuildConfiguration;
			baseConfigurationReference = C562D528C0DA933C8C547BAE /* Pods-GroupTalkTests.release.xcconfig */;
			buildSettings = {
				ALWAYS_EMBED_SWIFT_STANDARD_LIBRARIES = YES;
				BUNDLE_LOADER = "$(TEST_HOST)";
				CODE_SIGN_STYLE = Automatic;
				DEVELOPMENT_TEAM = 5CLQV3W6FV;
				INFOPLIST_FILE = GroupTalkTests/Info.plist;
				LD_RUNPATH_SEARCH_PATHS = (
					"$(inherited)",
					"@executable_path/Frameworks",
					"@loader_path/Frameworks",
				);
				PRODUCT_BUNDLE_IDENTIFIER = net.youngjun.GroupTalkTests;
				PRODUCT_NAME = "$(TARGET_NAME)";
				SWIFT_VERSION = 4.2;
				TARGETED_DEVICE_FAMILY = "1,2";
				TEST_HOST = "$(BUILT_PRODUCTS_DIR)/GroupTalk.app/GroupTalk";
			};
			name = Release;
		};
		EF1DE99121EC13AE00AEF9ED /* Debug */ = {
			isa = XCBuildConfiguration;
			baseConfigurationReference = CF21BA2718BEB2038AC2E0BE /* Pods-GroupTalkUITests.debug.xcconfig */;
			buildSettings = {
				ALWAYS_EMBED_SWIFT_STANDARD_LIBRARIES = YES;
				CODE_SIGN_STYLE = Automatic;
				DEVELOPMENT_TEAM = 5CLQV3W6FV;
				INFOPLIST_FILE = GroupTalkUITests/Info.plist;
				LD_RUNPATH_SEARCH_PATHS = (
					"$(inherited)",
					"@executable_path/Frameworks",
					"@loader_path/Frameworks",
				);
				PRODUCT_BUNDLE_IDENTIFIER = net.youngjun.GroupTalkUITests;
				PRODUCT_NAME = "$(TARGET_NAME)";
				SWIFT_VERSION = 4.2;
				TARGETED_DEVICE_FAMILY = "1,2";
				TEST_TARGET_NAME = GroupTalk;
			};
			name = Debug;
		};
		EF1DE99221EC13AE00AEF9ED /* Release */ = {
			isa = XCBuildConfiguration;
			baseConfigurationReference = 22151469EADB6BE254CB48B9 /* Pods-GroupTalkUITests.release.xcconfig */;
			buildSettings = {
				ALWAYS_EMBED_SWIFT_STANDARD_LIBRARIES = YES;
				CODE_SIGN_STYLE = Automatic;
				DEVELOPMENT_TEAM = 5CLQV3W6FV;
				INFOPLIST_FILE = GroupTalkUITests/Info.plist;
				LD_RUNPATH_SEARCH_PATHS = (
					"$(inherited)",
					"@executable_path/Frameworks",
					"@loader_path/Frameworks",
				);
				PRODUCT_BUNDLE_IDENTIFIER = net.youngjun.GroupTalkUITests;
				PRODUCT_NAME = "$(TARGET_NAME)";
				SWIFT_VERSION = 4.2;
				TARGETED_DEVICE_FAMILY = "1,2";
				TEST_TARGET_NAME = GroupTalk;
			};
			name = Release;
		};
/* End XCBuildConfiguration section */

/* Begin XCConfigurationList section */
		EF1DE95D21EC13AC00AEF9ED /* Build configuration list for PBXProject "GroupTalk" */ = {
			isa = XCConfigurationList;
			buildConfigurations = (
				EF1DE98821EC13AE00AEF9ED /* Debug */,
				EF1DE98921EC13AE00AEF9ED /* Release */,
			);
			defaultConfigurationIsVisible = 0;
			defaultConfigurationName = Release;
		};
		EF1DE98A21EC13AE00AEF9ED /* Build configuration list for PBXNativeTarget "GroupTalk" */ = {
			isa = XCConfigurationList;
			buildConfigurations = (
				EF1DE98B21EC13AE00AEF9ED /* Debug */,
				EF1DE98C21EC13AE00AEF9ED /* Release */,
			);
			defaultConfigurationIsVisible = 0;
			defaultConfigurationName = Release;
		};
		EF1DE98D21EC13AE00AEF9ED /* Build configuration list for PBXNativeTarget "GroupTalkTests" */ = {
			isa = XCConfigurationList;
			buildConfigurations = (
				EF1DE98E21EC13AE00AEF9ED /* Debug */,
				EF1DE98F21EC13AE00AEF9ED /* Release */,
			);
			defaultConfigurationIsVisible = 0;
			defaultConfigurationName = Release;
		};
		EF1DE99021EC13AE00AEF9ED /* Build configuration list for PBXNativeTarget "GroupTalkUITests" */ = {
			isa = XCConfigurationList;
			buildConfigurations = (
				EF1DE99121EC13AE00AEF9ED /* Debug */,
				EF1DE99221EC13AE00AEF9ED /* Release */,
			);
			defaultConfigurationIsVisible = 0;
			defaultConfigurationName = Release;
		};
/* End XCConfigurationList section */
	};
	rootObject = EF1DE95A21EC13AC00AEF9ED /* Project object */;
}
